// !$*UTF8*$!
{
	archiveVersion = 1;
	classes = {
	};
	objectVersion = 50;
	objects = {

/* Begin PBXBuildFile section */
		11221BBA20A36D01003888E2 /* RemoteProject.swift in Sources */ = {isa = PBXBuildFile; fileRef = 11221BB920A36D01003888E2 /* RemoteProject.swift */; };
		11221BBB20A36D01003888E2 /* RemoteProject.swift in Sources */ = {isa = PBXBuildFile; fileRef = 11221BB920A36D01003888E2 /* RemoteProject.swift */; };
		11221BBC20A36D01003888E2 /* RemoteProject.swift in Sources */ = {isa = PBXBuildFile; fileRef = 11221BB920A36D01003888E2 /* RemoteProject.swift */; };
		11221BBD20A36D01003888E2 /* RemoteProject.swift in Sources */ = {isa = PBXBuildFile; fileRef = 11221BB920A36D01003888E2 /* RemoteProject.swift */; };
		11221BBF20A36D6E003888E2 /* NetworkService.swift in Sources */ = {isa = PBXBuildFile; fileRef = 11221BBE20A36D6E003888E2 /* NetworkService.swift */; };
		11221BC020A36D6E003888E2 /* NetworkService.swift in Sources */ = {isa = PBXBuildFile; fileRef = 11221BBE20A36D6E003888E2 /* NetworkService.swift */; };
		11221BC120A36D6E003888E2 /* NetworkService.swift in Sources */ = {isa = PBXBuildFile; fileRef = 11221BBE20A36D6E003888E2 /* NetworkService.swift */; };
		11221BC220A36D6E003888E2 /* NetworkService.swift in Sources */ = {isa = PBXBuildFile; fileRef = 11221BBE20A36D6E003888E2 /* NetworkService.swift */; };
		11221BCF20A3A123003888E2 /* AbstractRequest.swift in Sources */ = {isa = PBXBuildFile; fileRef = 11221BCE20A3A123003888E2 /* AbstractRequest.swift */; };
		11221BD020A3A123003888E2 /* AbstractRequest.swift in Sources */ = {isa = PBXBuildFile; fileRef = 11221BCE20A3A123003888E2 /* AbstractRequest.swift */; };
		11221BD120A3A123003888E2 /* AbstractRequest.swift in Sources */ = {isa = PBXBuildFile; fileRef = 11221BCE20A3A123003888E2 /* AbstractRequest.swift */; };
		11221BD220A3A123003888E2 /* AbstractRequest.swift in Sources */ = {isa = PBXBuildFile; fileRef = 11221BCE20A3A123003888E2 /* AbstractRequest.swift */; };
		11B7B67420A895030039716E /* GetAllTasksRequest.swift in Sources */ = {isa = PBXBuildFile; fileRef = 11B7B67320A895030039716E /* GetAllTasksRequest.swift */; };
		11B7B67520A895070039716E /* GetAllTasksRequest.swift in Sources */ = {isa = PBXBuildFile; fileRef = 11B7B67320A895030039716E /* GetAllTasksRequest.swift */; };
		11B7B67620A895070039716E /* GetAllTasksRequest.swift in Sources */ = {isa = PBXBuildFile; fileRef = 11B7B67320A895030039716E /* GetAllTasksRequest.swift */; };
		11B7B67720A895080039716E /* GetAllTasksRequest.swift in Sources */ = {isa = PBXBuildFile; fileRef = 11B7B67320A895030039716E /* GetAllTasksRequest.swift */; };
		11B7B67920A895420039716E /* RemoteTask.swift in Sources */ = {isa = PBXBuildFile; fileRef = 11B7B67820A895420039716E /* RemoteTask.swift */; };
		11B7B67A20A895420039716E /* RemoteTask.swift in Sources */ = {isa = PBXBuildFile; fileRef = 11B7B67820A895420039716E /* RemoteTask.swift */; };
		11B7B67B20A895420039716E /* RemoteTask.swift in Sources */ = {isa = PBXBuildFile; fileRef = 11B7B67820A895420039716E /* RemoteTask.swift */; };
		11B7B67C20A895420039716E /* RemoteTask.swift in Sources */ = {isa = PBXBuildFile; fileRef = 11B7B67820A895420039716E /* RemoteTask.swift */; };
		11B7B67E20A8954B0039716E /* Task.swift in Sources */ = {isa = PBXBuildFile; fileRef = 11B7B67D20A8954B0039716E /* Task.swift */; };
		11B7B67F20A8954B0039716E /* Task.swift in Sources */ = {isa = PBXBuildFile; fileRef = 11B7B67D20A8954B0039716E /* Task.swift */; };
		11B7B68020A8954B0039716E /* Task.swift in Sources */ = {isa = PBXBuildFile; fileRef = 11B7B67D20A8954B0039716E /* Task.swift */; };
		11B7B68120A8954B0039716E /* Task.swift in Sources */ = {isa = PBXBuildFile; fileRef = 11B7B67D20A8954B0039716E /* Task.swift */; };
		11B7B68420A8956F0039716E /* TaskExtension.swift in Sources */ = {isa = PBXBuildFile; fileRef = 11B7B68320A8956F0039716E /* TaskExtension.swift */; };
		11B7B68520A8956F0039716E /* TaskExtension.swift in Sources */ = {isa = PBXBuildFile; fileRef = 11B7B68320A8956F0039716E /* TaskExtension.swift */; };
		11B7B68620A8956F0039716E /* TaskExtension.swift in Sources */ = {isa = PBXBuildFile; fileRef = 11B7B68320A8956F0039716E /* TaskExtension.swift */; };
		11B7B68720A8956F0039716E /* TaskExtension.swift in Sources */ = {isa = PBXBuildFile; fileRef = 11B7B68320A8956F0039716E /* TaskExtension.swift */; };
		11B7B68920A89D4A0039716E /* GetAllTasksRequestTest.swift in Sources */ = {isa = PBXBuildFile; fileRef = 11B7B68820A89D4A0039716E /* GetAllTasksRequestTest.swift */; };
		11B7B68A20A89D4A0039716E /* GetAllTasksRequestTest.swift in Sources */ = {isa = PBXBuildFile; fileRef = 11B7B68820A89D4A0039716E /* GetAllTasksRequestTest.swift */; };
		11B7B68C20A8A4660039716E /* GetProjectByIdRequest.swift in Sources */ = {isa = PBXBuildFile; fileRef = 11B7B68B20A8A4660039716E /* GetProjectByIdRequest.swift */; };
		11B7B68D20A8A4660039716E /* GetProjectByIdRequest.swift in Sources */ = {isa = PBXBuildFile; fileRef = 11B7B68B20A8A4660039716E /* GetProjectByIdRequest.swift */; };
		11B7B68E20A8A4660039716E /* GetProjectByIdRequest.swift in Sources */ = {isa = PBXBuildFile; fileRef = 11B7B68B20A8A4660039716E /* GetProjectByIdRequest.swift */; };
		11B7B68F20A8A4660039716E /* GetProjectByIdRequest.swift in Sources */ = {isa = PBXBuildFile; fileRef = 11B7B68B20A8A4660039716E /* GetProjectByIdRequest.swift */; };
		11B7B69120A8A4FE0039716E /* GetProjectByIdRequestTest.swift in Sources */ = {isa = PBXBuildFile; fileRef = 11B7B69020A8A4FE0039716E /* GetProjectByIdRequestTest.swift */; };
		11B7B69220A8A4FE0039716E /* GetProjectByIdRequestTest.swift in Sources */ = {isa = PBXBuildFile; fileRef = 11B7B69020A8A4FE0039716E /* GetProjectByIdRequestTest.swift */; };
		11B7B69420A8A7030039716E /* GetProjectActivityRequest.swift in Sources */ = {isa = PBXBuildFile; fileRef = 11B7B69320A8A7030039716E /* GetProjectActivityRequest.swift */; };
		11B7B69520A8A7030039716E /* GetProjectActivityRequest.swift in Sources */ = {isa = PBXBuildFile; fileRef = 11B7B69320A8A7030039716E /* GetProjectActivityRequest.swift */; };
		11B7B69620A8A7030039716E /* GetProjectActivityRequest.swift in Sources */ = {isa = PBXBuildFile; fileRef = 11B7B69320A8A7030039716E /* GetProjectActivityRequest.swift */; };
		11B7B69720A8A7030039716E /* GetProjectActivityRequest.swift in Sources */ = {isa = PBXBuildFile; fileRef = 11B7B69320A8A7030039716E /* GetProjectActivityRequest.swift */; };
		11B7B69920A8A72F0039716E /* RemoteProjectActivity.swift in Sources */ = {isa = PBXBuildFile; fileRef = 11B7B69820A8A72F0039716E /* RemoteProjectActivity.swift */; };
		11B7B69A20A8A72F0039716E /* RemoteProjectActivity.swift in Sources */ = {isa = PBXBuildFile; fileRef = 11B7B69820A8A72F0039716E /* RemoteProjectActivity.swift */; };
		11B7B69B20A8A72F0039716E /* RemoteProjectActivity.swift in Sources */ = {isa = PBXBuildFile; fileRef = 11B7B69820A8A72F0039716E /* RemoteProjectActivity.swift */; };
		11B7B69C20A8A72F0039716E /* RemoteProjectActivity.swift in Sources */ = {isa = PBXBuildFile; fileRef = 11B7B69820A8A72F0039716E /* RemoteProjectActivity.swift */; };
		11BB149620A44D89002FCC2A /* KeychainManager.swift in Sources */ = {isa = PBXBuildFile; fileRef = 11BB149520A44D89002FCC2A /* KeychainManager.swift */; };
		11BB149720A44D89002FCC2A /* KeychainManager.swift in Sources */ = {isa = PBXBuildFile; fileRef = 11BB149520A44D89002FCC2A /* KeychainManager.swift */; };
		11BB149820A44D89002FCC2A /* KeychainManager.swift in Sources */ = {isa = PBXBuildFile; fileRef = 11BB149520A44D89002FCC2A /* KeychainManager.swift */; };
		11BB149920A44D89002FCC2A /* KeychainManager.swift in Sources */ = {isa = PBXBuildFile; fileRef = 11BB149520A44D89002FCC2A /* KeychainManager.swift */; };
		11BB149B20A44F39002FCC2A /* Logger.swift in Sources */ = {isa = PBXBuildFile; fileRef = 11BB149A20A44F39002FCC2A /* Logger.swift */; };
		11BB149C20A44F39002FCC2A /* Logger.swift in Sources */ = {isa = PBXBuildFile; fileRef = 11BB149A20A44F39002FCC2A /* Logger.swift */; };
		11BB149D20A44F39002FCC2A /* Logger.swift in Sources */ = {isa = PBXBuildFile; fileRef = 11BB149A20A44F39002FCC2A /* Logger.swift */; };
		11BB149E20A44F39002FCC2A /* Logger.swift in Sources */ = {isa = PBXBuildFile; fileRef = 11BB149A20A44F39002FCC2A /* Logger.swift */; };
		11BB14B220A450D4002FCC2A /* MainWindowController.swift in Sources */ = {isa = PBXBuildFile; fileRef = 11BB14B020A450D4002FCC2A /* MainWindowController.swift */; };
		11BB14B320A450D4002FCC2A /* MainWindowController.swift in Sources */ = {isa = PBXBuildFile; fileRef = 11BB14B020A450D4002FCC2A /* MainWindowController.swift */; };
		11BB14B720A45354002FCC2A /* LoginViewController.swift in Sources */ = {isa = PBXBuildFile; fileRef = 11BB14B620A45354002FCC2A /* LoginViewController.swift */; };
		11BB14B820A45354002FCC2A /* LoginViewController.swift in Sources */ = {isa = PBXBuildFile; fileRef = 11BB14B620A45354002FCC2A /* LoginViewController.swift */; };
		11BB14BA20A45360002FCC2A /* RunningViewController.swift in Sources */ = {isa = PBXBuildFile; fileRef = 11BB14B920A45360002FCC2A /* RunningViewController.swift */; };
		11BB14BB20A45360002FCC2A /* RunningViewController.swift in Sources */ = {isa = PBXBuildFile; fileRef = 11BB14B920A45360002FCC2A /* RunningViewController.swift */; };
		11BB14C520A4AB94002FCC2A /* Project.swift in Sources */ = {isa = PBXBuildFile; fileRef = 11BB14C420A4AB94002FCC2A /* Project.swift */; };
		11BB14C620A4AB94002FCC2A /* Project.swift in Sources */ = {isa = PBXBuildFile; fileRef = 11BB14C420A4AB94002FCC2A /* Project.swift */; };
		11BB14C720A4AB94002FCC2A /* Project.swift in Sources */ = {isa = PBXBuildFile; fileRef = 11BB14C420A4AB94002FCC2A /* Project.swift */; };
		11BB14C820A4AB94002FCC2A /* Project.swift in Sources */ = {isa = PBXBuildFile; fileRef = 11BB14C420A4AB94002FCC2A /* Project.swift */; };
		11BB14CB20A4AD18002FCC2A /* ProjectSyncManager.swift in Sources */ = {isa = PBXBuildFile; fileRef = 11BB14CA20A4AD18002FCC2A /* ProjectSyncManager.swift */; };
		11BB14CC20A4AD18002FCC2A /* ProjectSyncManager.swift in Sources */ = {isa = PBXBuildFile; fileRef = 11BB14CA20A4AD18002FCC2A /* ProjectSyncManager.swift */; };
		11BB14CD20A4AD18002FCC2A /* ProjectSyncManager.swift in Sources */ = {isa = PBXBuildFile; fileRef = 11BB14CA20A4AD18002FCC2A /* ProjectSyncManager.swift */; };
		11BB14CE20A4AD18002FCC2A /* ProjectSyncManager.swift in Sources */ = {isa = PBXBuildFile; fileRef = 11BB14CA20A4AD18002FCC2A /* ProjectSyncManager.swift */; };
		11BB14D520A64106002FCC2A /* Synchronizer.swift in Sources */ = {isa = PBXBuildFile; fileRef = 11BB14D420A64106002FCC2A /* Synchronizer.swift */; };
		11BB14D620A64106002FCC2A /* Synchronizer.swift in Sources */ = {isa = PBXBuildFile; fileRef = 11BB14D420A64106002FCC2A /* Synchronizer.swift */; };
		11BB14D720A64106002FCC2A /* Synchronizer.swift in Sources */ = {isa = PBXBuildFile; fileRef = 11BB14D420A64106002FCC2A /* Synchronizer.swift */; };
		11BB14D820A64106002FCC2A /* Synchronizer.swift in Sources */ = {isa = PBXBuildFile; fileRef = 11BB14D420A64106002FCC2A /* Synchronizer.swift */; };
		11BB14DA20A6422C002FCC2A /* RemoteObject.swift in Sources */ = {isa = PBXBuildFile; fileRef = 11BB14D920A6422C002FCC2A /* RemoteObject.swift */; };
		11BB14DB20A6422C002FCC2A /* RemoteObject.swift in Sources */ = {isa = PBXBuildFile; fileRef = 11BB14D920A6422C002FCC2A /* RemoteObject.swift */; };
		11BB14DC20A6422C002FCC2A /* RemoteObject.swift in Sources */ = {isa = PBXBuildFile; fileRef = 11BB14D920A6422C002FCC2A /* RemoteObject.swift */; };
		11BB14DD20A6422C002FCC2A /* RemoteObject.swift in Sources */ = {isa = PBXBuildFile; fileRef = 11BB14D920A6422C002FCC2A /* RemoteObject.swift */; };
		11BB14E020A6539B002FCC2A /* RealmExtension.swift in Sources */ = {isa = PBXBuildFile; fileRef = 11BB14DF20A6539B002FCC2A /* RealmExtension.swift */; };
		11BB14E120A6539B002FCC2A /* RealmExtension.swift in Sources */ = {isa = PBXBuildFile; fileRef = 11BB14DF20A6539B002FCC2A /* RealmExtension.swift */; };
		11BB14E220A6539B002FCC2A /* RealmExtension.swift in Sources */ = {isa = PBXBuildFile; fileRef = 11BB14DF20A6539B002FCC2A /* RealmExtension.swift */; };
		11BB14E320A6539B002FCC2A /* RealmExtension.swift in Sources */ = {isa = PBXBuildFile; fileRef = 11BB14DF20A6539B002FCC2A /* RealmExtension.swift */; };
		11BB14E520A75C3F002FCC2A /* RequestIdFactory.swift in Sources */ = {isa = PBXBuildFile; fileRef = 11BB14E420A75C3F002FCC2A /* RequestIdFactory.swift */; };
		11BB14E620A75C3F002FCC2A /* RequestIdFactory.swift in Sources */ = {isa = PBXBuildFile; fileRef = 11BB14E420A75C3F002FCC2A /* RequestIdFactory.swift */; };
		11BB14E720A75C3F002FCC2A /* RequestIdFactory.swift in Sources */ = {isa = PBXBuildFile; fileRef = 11BB14E420A75C3F002FCC2A /* RequestIdFactory.swift */; };
		11BB14E820A75C3F002FCC2A /* RequestIdFactory.swift in Sources */ = {isa = PBXBuildFile; fileRef = 11BB14E420A75C3F002FCC2A /* RequestIdFactory.swift */; };
		11BB14EF20A75FD7002FCC2A /* GetAllProjectsRequest.swift in Sources */ = {isa = PBXBuildFile; fileRef = 11BB14EE20A75FD7002FCC2A /* GetAllProjectsRequest.swift */; };
		11BB14F020A75FD7002FCC2A /* GetAllProjectsRequest.swift in Sources */ = {isa = PBXBuildFile; fileRef = 11BB14EE20A75FD7002FCC2A /* GetAllProjectsRequest.swift */; };
		11BB14F120A75FD7002FCC2A /* GetAllProjectsRequest.swift in Sources */ = {isa = PBXBuildFile; fileRef = 11BB14EE20A75FD7002FCC2A /* GetAllProjectsRequest.swift */; };
		11BB14F220A75FD7002FCC2A /* GetAllProjectsRequest.swift in Sources */ = {isa = PBXBuildFile; fileRef = 11BB14EE20A75FD7002FCC2A /* GetAllProjectsRequest.swift */; };
		11BB14F420A75FDF002FCC2A /* GetVersionRequest.swift in Sources */ = {isa = PBXBuildFile; fileRef = 11BB14F320A75FDF002FCC2A /* GetVersionRequest.swift */; };
		11BB14F520A75FDF002FCC2A /* GetVersionRequest.swift in Sources */ = {isa = PBXBuildFile; fileRef = 11BB14F320A75FDF002FCC2A /* GetVersionRequest.swift */; };
		11BB14F620A75FDF002FCC2A /* GetVersionRequest.swift in Sources */ = {isa = PBXBuildFile; fileRef = 11BB14F320A75FDF002FCC2A /* GetVersionRequest.swift */; };
		11BB14F720A75FDF002FCC2A /* GetVersionRequest.swift in Sources */ = {isa = PBXBuildFile; fileRef = 11BB14F320A75FDF002FCC2A /* GetVersionRequest.swift */; };
		11BB151220A7985B002FCC2A /* Decoders.swift in Sources */ = {isa = PBXBuildFile; fileRef = 11BB151120A7985B002FCC2A /* Decoders.swift */; };
		11BB151320A7985B002FCC2A /* Decoders.swift in Sources */ = {isa = PBXBuildFile; fileRef = 11BB151120A7985B002FCC2A /* Decoders.swift */; };
		11BB151420A7985B002FCC2A /* Decoders.swift in Sources */ = {isa = PBXBuildFile; fileRef = 11BB151120A7985B002FCC2A /* Decoders.swift */; };
		11BB151520A7985B002FCC2A /* Decoders.swift in Sources */ = {isa = PBXBuildFile; fileRef = 11BB151120A7985B002FCC2A /* Decoders.swift */; };
		11BB151C20A84180002FCC2A /* JSONRPCEncoder.swift in Sources */ = {isa = PBXBuildFile; fileRef = 11BB151B20A84180002FCC2A /* JSONRPCEncoder.swift */; };
		11BB151D20A84180002FCC2A /* JSONRPCEncoder.swift in Sources */ = {isa = PBXBuildFile; fileRef = 11BB151B20A84180002FCC2A /* JSONRPCEncoder.swift */; };
		11BB151E20A84180002FCC2A /* JSONRPCEncoder.swift in Sources */ = {isa = PBXBuildFile; fileRef = 11BB151B20A84180002FCC2A /* JSONRPCEncoder.swift */; };
		11BB151F20A84180002FCC2A /* JSONRPCEncoder.swift in Sources */ = {isa = PBXBuildFile; fileRef = 11BB151B20A84180002FCC2A /* JSONRPCEncoder.swift */; };
		11BB152220A84708002FCC2A /* Column.swift in Sources */ = {isa = PBXBuildFile; fileRef = 11BB152120A84708002FCC2A /* Column.swift */; };
		11BB152320A84708002FCC2A /* Column.swift in Sources */ = {isa = PBXBuildFile; fileRef = 11BB152120A84708002FCC2A /* Column.swift */; };
		11BB152420A84708002FCC2A /* Column.swift in Sources */ = {isa = PBXBuildFile; fileRef = 11BB152120A84708002FCC2A /* Column.swift */; };
		11BB152520A84708002FCC2A /* Column.swift in Sources */ = {isa = PBXBuildFile; fileRef = 11BB152120A84708002FCC2A /* Column.swift */; };
		11BB152720A84717002FCC2A /* RemoteColumn.swift in Sources */ = {isa = PBXBuildFile; fileRef = 11BB152620A84717002FCC2A /* RemoteColumn.swift */; };
		11BB152820A84717002FCC2A /* RemoteColumn.swift in Sources */ = {isa = PBXBuildFile; fileRef = 11BB152620A84717002FCC2A /* RemoteColumn.swift */; };
		11BB152920A84717002FCC2A /* RemoteColumn.swift in Sources */ = {isa = PBXBuildFile; fileRef = 11BB152620A84717002FCC2A /* RemoteColumn.swift */; };
		11BB152A20A84717002FCC2A /* RemoteColumn.swift in Sources */ = {isa = PBXBuildFile; fileRef = 11BB152620A84717002FCC2A /* RemoteColumn.swift */; };
		11BB152C20A84826002FCC2A /* GetColumnsRequest.swift in Sources */ = {isa = PBXBuildFile; fileRef = 11BB152B20A84826002FCC2A /* GetColumnsRequest.swift */; };
		11BB152D20A84826002FCC2A /* GetColumnsRequest.swift in Sources */ = {isa = PBXBuildFile; fileRef = 11BB152B20A84826002FCC2A /* GetColumnsRequest.swift */; };
		11BB152E20A84826002FCC2A /* GetColumnsRequest.swift in Sources */ = {isa = PBXBuildFile; fileRef = 11BB152B20A84826002FCC2A /* GetColumnsRequest.swift */; };
		11BB152F20A84826002FCC2A /* GetColumnsRequest.swift in Sources */ = {isa = PBXBuildFile; fileRef = 11BB152B20A84826002FCC2A /* GetColumnsRequest.swift */; };
		11BB153920A84E88002FCC2A /* GetAllProjectsRequestTest.swift in Sources */ = {isa = PBXBuildFile; fileRef = 11BB153820A84E88002FCC2A /* GetAllProjectsRequestTest.swift */; };
		11BB153A20A84E88002FCC2A /* GetAllProjectsRequestTest.swift in Sources */ = {isa = PBXBuildFile; fileRef = 11BB153820A84E88002FCC2A /* GetAllProjectsRequestTest.swift */; };
		11BB153C20A853A9002FCC2A /* GetColumnsRequestTest.swift in Sources */ = {isa = PBXBuildFile; fileRef = 11BB153B20A853A9002FCC2A /* GetColumnsRequestTest.swift */; };
		11BB153D20A853A9002FCC2A /* GetColumnsRequestTest.swift in Sources */ = {isa = PBXBuildFile; fileRef = 11BB153B20A853A9002FCC2A /* GetColumnsRequestTest.swift */; };
		11BB154220A854F4002FCC2A /* GetVersionRequestTest.swift in Sources */ = {isa = PBXBuildFile; fileRef = 11BB154120A854F4002FCC2A /* GetVersionRequestTest.swift */; };
		11BB154320A854F4002FCC2A /* GetVersionRequestTest.swift in Sources */ = {isa = PBXBuildFile; fileRef = 11BB154120A854F4002FCC2A /* GetVersionRequestTest.swift */; };
		11BB154D20A85A5F002FCC2A /* ProjectExtension.swift in Sources */ = {isa = PBXBuildFile; fileRef = 11BB154C20A85A5F002FCC2A /* ProjectExtension.swift */; };
		11BB154E20A85A5F002FCC2A /* ProjectExtension.swift in Sources */ = {isa = PBXBuildFile; fileRef = 11BB154C20A85A5F002FCC2A /* ProjectExtension.swift */; };
		11BB154F20A85A5F002FCC2A /* ProjectExtension.swift in Sources */ = {isa = PBXBuildFile; fileRef = 11BB154C20A85A5F002FCC2A /* ProjectExtension.swift */; };
		11BB155020A85A5F002FCC2A /* ProjectExtension.swift in Sources */ = {isa = PBXBuildFile; fileRef = 11BB154C20A85A5F002FCC2A /* ProjectExtension.swift */; };
		11BB155220A85C47002FCC2A /* ColumnExtension.swift in Sources */ = {isa = PBXBuildFile; fileRef = 11BB155120A85C47002FCC2A /* ColumnExtension.swift */; };
		11BB155320A85C47002FCC2A /* ColumnExtension.swift in Sources */ = {isa = PBXBuildFile; fileRef = 11BB155120A85C47002FCC2A /* ColumnExtension.swift */; };
		11BB155420A85C47002FCC2A /* ColumnExtension.swift in Sources */ = {isa = PBXBuildFile; fileRef = 11BB155120A85C47002FCC2A /* ColumnExtension.swift */; };
		11BB155520A85C47002FCC2A /* ColumnExtension.swift in Sources */ = {isa = PBXBuildFile; fileRef = 11BB155120A85C47002FCC2A /* ColumnExtension.swift */; };
		11F85F1620A301750060536B /* AppDelegate.swift in Sources */ = {isa = PBXBuildFile; fileRef = 11F85F1520A301750060536B /* AppDelegate.swift */; };
		11F85F1820A301750060536B /* ViewController.swift in Sources */ = {isa = PBXBuildFile; fileRef = 11F85F1720A301750060536B /* ViewController.swift */; };
		11F85F1B20A301750060536B /* Main.storyboard in Resources */ = {isa = PBXBuildFile; fileRef = 11F85F1920A301750060536B /* Main.storyboard */; };
		11F85F1D20A301760060536B /* Assets.xcassets in Resources */ = {isa = PBXBuildFile; fileRef = 11F85F1C20A301760060536B /* Assets.xcassets */; };
		11F85F2020A301760060536B /* LaunchScreen.storyboard in Resources */ = {isa = PBXBuildFile; fileRef = 11F85F1E20A301760060536B /* LaunchScreen.storyboard */; };
		11F85F2B20A301770060536B /* Kanboard_iOSTests.swift in Sources */ = {isa = PBXBuildFile; fileRef = 11F85F2A20A301770060536B /* Kanboard_iOSTests.swift */; };
		11F85F3A20A3018B0060536B /* AppDelegate.swift in Sources */ = {isa = PBXBuildFile; fileRef = 11F85F3920A3018B0060536B /* AppDelegate.swift */; };
		11F85F3C20A3018C0060536B /* Assets.xcassets in Resources */ = {isa = PBXBuildFile; fileRef = 11F85F3B20A3018C0060536B /* Assets.xcassets */; };
		11F85F3F20A3018C0060536B /* MainMenu.xib in Resources */ = {isa = PBXBuildFile; fileRef = 11F85F3D20A3018C0060536B /* MainMenu.xib */; };
		11F85F4B20A3018C0060536B /* Kanboard_macOSTests.swift in Sources */ = {isa = PBXBuildFile; fileRef = 11F85F4A20A3018C0060536B /* Kanboard_macOSTests.swift */; };
		55B78D9883660D7AD387C169 /* Pods_Kanboard_macOS.framework in Frameworks */ = {isa = PBXBuildFile; fileRef = 3D94EBB39A1B19C8FF54C199 /* Pods_Kanboard_macOS.framework */; };
		5617B72A3B40834072356FC7 /* Pods_Kanboard_macOSTests.framework in Frameworks */ = {isa = PBXBuildFile; fileRef = 63423ACFCA6D9E69846E77C0 /* Pods_Kanboard_macOSTests.framework */; };
		C461C85F7CBE652E9FB41439 /* Pods_Kanboard_iOS.framework in Frameworks */ = {isa = PBXBuildFile; fileRef = 1667E70A1495A2BCDEBD675A /* Pods_Kanboard_iOS.framework */; };
		EE138FBD0D07043316A8BDA0 /* Pods_Kanboard_iOSTests.framework in Frameworks */ = {isa = PBXBuildFile; fileRef = 8E85A08C4C23AC30CAE5C828 /* Pods_Kanboard_iOSTests.framework */; };
/* End PBXBuildFile section */

/* Begin PBXContainerItemProxy section */
		11F85F2720A301770060536B /* PBXContainerItemProxy */ = {
			isa = PBXContainerItemProxy;
			containerPortal = 11F85F0820A300EF0060536B /* Project object */;
			proxyType = 1;
			remoteGlobalIDString = 11F85F1120A301750060536B;
			remoteInfo = "Kanboard iOS";
		};
		11F85F4720A3018C0060536B /* PBXContainerItemProxy */ = {
			isa = PBXContainerItemProxy;
			containerPortal = 11F85F0820A300EF0060536B /* Project object */;
			proxyType = 1;
			remoteGlobalIDString = 11F85F3620A3018B0060536B;
			remoteInfo = "Kanboard macOS";
		};
/* End PBXContainerItemProxy section */

/* Begin PBXFileReference section */
		0EC35ACA581240B54B28F28D /* Pods-Kanboard iOSTests.debug.xcconfig */ = {isa = PBXFileReference; includeInIndex = 1; lastKnownFileType = text.xcconfig; name = "Pods-Kanboard iOSTests.debug.xcconfig"; path = "Pods/Target Support Files/Pods-Kanboard iOSTests/Pods-Kanboard iOSTests.debug.xcconfig"; sourceTree = "<group>"; };
		11221BA820A31B32003888E2 /* Kanboard macOS.entitlements */ = {isa = PBXFileReference; lastKnownFileType = text.plist.entitlements; path = "Kanboard macOS.entitlements"; sourceTree = "<group>"; };
		11221BB920A36D01003888E2 /* RemoteProject.swift */ = {isa = PBXFileReference; lastKnownFileType = sourcecode.swift; path = RemoteProject.swift; sourceTree = "<group>"; };
		11221BBE20A36D6E003888E2 /* NetworkService.swift */ = {isa = PBXFileReference; lastKnownFileType = sourcecode.swift; path = NetworkService.swift; sourceTree = "<group>"; };
		11221BCE20A3A123003888E2 /* AbstractRequest.swift */ = {isa = PBXFileReference; lastKnownFileType = sourcecode.swift; path = AbstractRequest.swift; sourceTree = "<group>"; };
		11B7B67320A895030039716E /* GetAllTasksRequest.swift */ = {isa = PBXFileReference; lastKnownFileType = sourcecode.swift; path = GetAllTasksRequest.swift; sourceTree = "<group>"; };
		11B7B67820A895420039716E /* RemoteTask.swift */ = {isa = PBXFileReference; lastKnownFileType = sourcecode.swift; path = RemoteTask.swift; sourceTree = "<group>"; };
		11B7B67D20A8954B0039716E /* Task.swift */ = {isa = PBXFileReference; lastKnownFileType = sourcecode.swift; path = Task.swift; sourceTree = "<group>"; };
		11B7B68320A8956F0039716E /* TaskExtension.swift */ = {isa = PBXFileReference; lastKnownFileType = sourcecode.swift; path = TaskExtension.swift; sourceTree = "<group>"; };
		11B7B68820A89D4A0039716E /* GetAllTasksRequestTest.swift */ = {isa = PBXFileReference; lastKnownFileType = sourcecode.swift; path = GetAllTasksRequestTest.swift; sourceTree = "<group>"; };
		11B7B68B20A8A4660039716E /* GetProjectByIdRequest.swift */ = {isa = PBXFileReference; lastKnownFileType = sourcecode.swift; path = GetProjectByIdRequest.swift; sourceTree = "<group>"; };
		11B7B69020A8A4FE0039716E /* GetProjectByIdRequestTest.swift */ = {isa = PBXFileReference; lastKnownFileType = sourcecode.swift; path = GetProjectByIdRequestTest.swift; sourceTree = "<group>"; };
		11B7B69320A8A7030039716E /* GetProjectActivityRequest.swift */ = {isa = PBXFileReference; lastKnownFileType = sourcecode.swift; path = GetProjectActivityRequest.swift; sourceTree = "<group>"; };
		11B7B69820A8A72F0039716E /* RemoteProjectActivity.swift */ = {isa = PBXFileReference; lastKnownFileType = sourcecode.swift; path = RemoteProjectActivity.swift; sourceTree = "<group>"; };
		11BB149520A44D89002FCC2A /* KeychainManager.swift */ = {isa = PBXFileReference; lastKnownFileType = sourcecode.swift; path = KeychainManager.swift; sourceTree = "<group>"; };
		11BB149A20A44F39002FCC2A /* Logger.swift */ = {isa = PBXFileReference; lastKnownFileType = sourcecode.swift; path = Logger.swift; sourceTree = "<group>"; };
		11BB14B020A450D4002FCC2A /* MainWindowController.swift */ = {isa = PBXFileReference; lastKnownFileType = sourcecode.swift; path = MainWindowController.swift; sourceTree = "<group>"; };
		11BB14B620A45354002FCC2A /* LoginViewController.swift */ = {isa = PBXFileReference; lastKnownFileType = sourcecode.swift; path = LoginViewController.swift; sourceTree = "<group>"; };
		11BB14B920A45360002FCC2A /* RunningViewController.swift */ = {isa = PBXFileReference; lastKnownFileType = sourcecode.swift; path = RunningViewController.swift; sourceTree = "<group>"; };
		11BB14C420A4AB94002FCC2A /* Project.swift */ = {isa = PBXFileReference; lastKnownFileType = sourcecode.swift; path = Project.swift; sourceTree = "<group>"; };
		11BB14CA20A4AD18002FCC2A /* ProjectSyncManager.swift */ = {isa = PBXFileReference; lastKnownFileType = sourcecode.swift; path = ProjectSyncManager.swift; sourceTree = "<group>"; };
		11BB14D420A64106002FCC2A /* Synchronizer.swift */ = {isa = PBXFileReference; lastKnownFileType = sourcecode.swift; path = Synchronizer.swift; sourceTree = "<group>"; };
		11BB14D920A6422C002FCC2A /* RemoteObject.swift */ = {isa = PBXFileReference; lastKnownFileType = sourcecode.swift; path = RemoteObject.swift; sourceTree = "<group>"; };
		11BB14DF20A6539B002FCC2A /* RealmExtension.swift */ = {isa = PBXFileReference; lastKnownFileType = sourcecode.swift; path = RealmExtension.swift; sourceTree = "<group>"; };
		11BB14E420A75C3F002FCC2A /* RequestIdFactory.swift */ = {isa = PBXFileReference; lastKnownFileType = sourcecode.swift; path = RequestIdFactory.swift; sourceTree = "<group>"; };
		11BB14EE20A75FD7002FCC2A /* GetAllProjectsRequest.swift */ = {isa = PBXFileReference; lastKnownFileType = sourcecode.swift; path = GetAllProjectsRequest.swift; sourceTree = "<group>"; };
		11BB14F320A75FDF002FCC2A /* GetVersionRequest.swift */ = {isa = PBXFileReference; lastKnownFileType = sourcecode.swift; path = GetVersionRequest.swift; sourceTree = "<group>"; };
		11BB151120A7985B002FCC2A /* Decoders.swift */ = {isa = PBXFileReference; lastKnownFileType = sourcecode.swift; path = Decoders.swift; sourceTree = "<group>"; };
		11BB151B20A84180002FCC2A /* JSONRPCEncoder.swift */ = {isa = PBXFileReference; lastKnownFileType = sourcecode.swift; path = JSONRPCEncoder.swift; sourceTree = "<group>"; };
		11BB152120A84708002FCC2A /* Column.swift */ = {isa = PBXFileReference; lastKnownFileType = sourcecode.swift; path = Column.swift; sourceTree = "<group>"; };
		11BB152620A84717002FCC2A /* RemoteColumn.swift */ = {isa = PBXFileReference; lastKnownFileType = sourcecode.swift; path = RemoteColumn.swift; sourceTree = "<group>"; };
		11BB152B20A84826002FCC2A /* GetColumnsRequest.swift */ = {isa = PBXFileReference; lastKnownFileType = sourcecode.swift; path = GetColumnsRequest.swift; sourceTree = "<group>"; };
		11BB153820A84E88002FCC2A /* GetAllProjectsRequestTest.swift */ = {isa = PBXFileReference; lastKnownFileType = sourcecode.swift; path = GetAllProjectsRequestTest.swift; sourceTree = "<group>"; };
		11BB153B20A853A9002FCC2A /* GetColumnsRequestTest.swift */ = {isa = PBXFileReference; lastKnownFileType = sourcecode.swift; path = GetColumnsRequestTest.swift; sourceTree = "<group>"; };
		11BB154120A854F4002FCC2A /* GetVersionRequestTest.swift */ = {isa = PBXFileReference; fileEncoding = 4; lastKnownFileType = sourcecode.swift; path = GetVersionRequestTest.swift; sourceTree = "<group>"; };
		11BB154C20A85A5F002FCC2A /* ProjectExtension.swift */ = {isa = PBXFileReference; lastKnownFileType = sourcecode.swift; path = ProjectExtension.swift; sourceTree = "<group>"; };
		11BB155120A85C47002FCC2A /* ColumnExtension.swift */ = {isa = PBXFileReference; lastKnownFileType = sourcecode.swift; path = ColumnExtension.swift; sourceTree = "<group>"; };
		11F85F1220A301750060536B /* Kanboard iOS.app */ = {isa = PBXFileReference; explicitFileType = wrapper.application; includeInIndex = 0; path = "Kanboard iOS.app"; sourceTree = BUILT_PRODUCTS_DIR; };
		11F85F1520A301750060536B /* AppDelegate.swift */ = {isa = PBXFileReference; lastKnownFileType = sourcecode.swift; path = AppDelegate.swift; sourceTree = "<group>"; };
		11F85F1720A301750060536B /* ViewController.swift */ = {isa = PBXFileReference; lastKnownFileType = sourcecode.swift; path = ViewController.swift; sourceTree = "<group>"; };
		11F85F1A20A301750060536B /* Base */ = {isa = PBXFileReference; lastKnownFileType = file.storyboard; name = Base; path = Base.lproj/Main.storyboard; sourceTree = "<group>"; };
		11F85F1C20A301760060536B /* Assets.xcassets */ = {isa = PBXFileReference; lastKnownFileType = folder.assetcatalog; path = Assets.xcassets; sourceTree = "<group>"; };
		11F85F1F20A301760060536B /* Base */ = {isa = PBXFileReference; lastKnownFileType = file.storyboard; name = Base; path = Base.lproj/LaunchScreen.storyboard; sourceTree = "<group>"; };
		11F85F2120A301760060536B /* Info.plist */ = {isa = PBXFileReference; lastKnownFileType = text.plist.xml; path = Info.plist; sourceTree = "<group>"; };
		11F85F2620A301770060536B /* Kanboard iOSTests.xctest */ = {isa = PBXFileReference; explicitFileType = wrapper.cfbundle; includeInIndex = 0; path = "Kanboard iOSTests.xctest"; sourceTree = BUILT_PRODUCTS_DIR; };
		11F85F2A20A301770060536B /* Kanboard_iOSTests.swift */ = {isa = PBXFileReference; lastKnownFileType = sourcecode.swift; path = Kanboard_iOSTests.swift; sourceTree = "<group>"; };
		11F85F2C20A301770060536B /* Info.plist */ = {isa = PBXFileReference; lastKnownFileType = text.plist.xml; path = Info.plist; sourceTree = "<group>"; };
		11F85F3720A3018B0060536B /* Kanboard macOS.app */ = {isa = PBXFileReference; explicitFileType = wrapper.application; includeInIndex = 0; path = "Kanboard macOS.app"; sourceTree = BUILT_PRODUCTS_DIR; };
		11F85F3920A3018B0060536B /* AppDelegate.swift */ = {isa = PBXFileReference; lastKnownFileType = sourcecode.swift; path = AppDelegate.swift; sourceTree = "<group>"; };
		11F85F3B20A3018C0060536B /* Assets.xcassets */ = {isa = PBXFileReference; lastKnownFileType = folder.assetcatalog; path = Assets.xcassets; sourceTree = "<group>"; };
		11F85F3E20A3018C0060536B /* Base */ = {isa = PBXFileReference; lastKnownFileType = file.xib; name = Base; path = Base.lproj/MainMenu.xib; sourceTree = "<group>"; };
		11F85F4020A3018C0060536B /* Info.plist */ = {isa = PBXFileReference; lastKnownFileType = text.plist.xml; path = Info.plist; sourceTree = "<group>"; };
		11F85F4620A3018C0060536B /* Kanboard macOSTests.xctest */ = {isa = PBXFileReference; explicitFileType = wrapper.cfbundle; includeInIndex = 0; path = "Kanboard macOSTests.xctest"; sourceTree = BUILT_PRODUCTS_DIR; };
		11F85F4A20A3018C0060536B /* Kanboard_macOSTests.swift */ = {isa = PBXFileReference; lastKnownFileType = sourcecode.swift; path = Kanboard_macOSTests.swift; sourceTree = "<group>"; };
		11F85F4C20A3018C0060536B /* Info.plist */ = {isa = PBXFileReference; lastKnownFileType = text.plist.xml; path = Info.plist; sourceTree = "<group>"; };
		1667E70A1495A2BCDEBD675A /* Pods_Kanboard_iOS.framework */ = {isa = PBXFileReference; explicitFileType = wrapper.framework; includeInIndex = 0; path = Pods_Kanboard_iOS.framework; sourceTree = BUILT_PRODUCTS_DIR; };
		200A1A596793B970A8715663 /* Pods-Kanboard macOS.debug.xcconfig */ = {isa = PBXFileReference; includeInIndex = 1; lastKnownFileType = text.xcconfig; name = "Pods-Kanboard macOS.debug.xcconfig"; path = "Pods/Target Support Files/Pods-Kanboard macOS/Pods-Kanboard macOS.debug.xcconfig"; sourceTree = "<group>"; };
		2CD3C666E7F0AEA8A88FF9FD /* Pods-Kanboard iOS.debug.xcconfig */ = {isa = PBXFileReference; includeInIndex = 1; lastKnownFileType = text.xcconfig; name = "Pods-Kanboard iOS.debug.xcconfig"; path = "Pods/Target Support Files/Pods-Kanboard iOS/Pods-Kanboard iOS.debug.xcconfig"; sourceTree = "<group>"; };
		3D94EBB39A1B19C8FF54C199 /* Pods_Kanboard_macOS.framework */ = {isa = PBXFileReference; explicitFileType = wrapper.framework; includeInIndex = 0; path = Pods_Kanboard_macOS.framework; sourceTree = BUILT_PRODUCTS_DIR; };
		513D38065C29316049516BEE /* Pods-Kanboard iOSTests.release.xcconfig */ = {isa = PBXFileReference; includeInIndex = 1; lastKnownFileType = text.xcconfig; name = "Pods-Kanboard iOSTests.release.xcconfig"; path = "Pods/Target Support Files/Pods-Kanboard iOSTests/Pods-Kanboard iOSTests.release.xcconfig"; sourceTree = "<group>"; };
		5233EF2C47502F74369C2442 /* Pods-Kanboard macOSTests.debug.xcconfig */ = {isa = PBXFileReference; includeInIndex = 1; lastKnownFileType = text.xcconfig; name = "Pods-Kanboard macOSTests.debug.xcconfig"; path = "Pods/Target Support Files/Pods-Kanboard macOSTests/Pods-Kanboard macOSTests.debug.xcconfig"; sourceTree = "<group>"; };
		63423ACFCA6D9E69846E77C0 /* Pods_Kanboard_macOSTests.framework */ = {isa = PBXFileReference; explicitFileType = wrapper.framework; includeInIndex = 0; path = Pods_Kanboard_macOSTests.framework; sourceTree = BUILT_PRODUCTS_DIR; };
		80FEE6A01E362B30A4734E54 /* Pods-Kanboard macOSTests.release.xcconfig */ = {isa = PBXFileReference; includeInIndex = 1; lastKnownFileType = text.xcconfig; name = "Pods-Kanboard macOSTests.release.xcconfig"; path = "Pods/Target Support Files/Pods-Kanboard macOSTests/Pods-Kanboard macOSTests.release.xcconfig"; sourceTree = "<group>"; };
		8E85A08C4C23AC30CAE5C828 /* Pods_Kanboard_iOSTests.framework */ = {isa = PBXFileReference; explicitFileType = wrapper.framework; includeInIndex = 0; path = Pods_Kanboard_iOSTests.framework; sourceTree = BUILT_PRODUCTS_DIR; };
		B43B112A5F559C1DB84F0EE9 /* Pods-Kanboard macOS.release.xcconfig */ = {isa = PBXFileReference; includeInIndex = 1; lastKnownFileType = text.xcconfig; name = "Pods-Kanboard macOS.release.xcconfig"; path = "Pods/Target Support Files/Pods-Kanboard macOS/Pods-Kanboard macOS.release.xcconfig"; sourceTree = "<group>"; };
		F7140E7C8DEF8F0DB714F500 /* Pods-Kanboard iOS.release.xcconfig */ = {isa = PBXFileReference; includeInIndex = 1; lastKnownFileType = text.xcconfig; name = "Pods-Kanboard iOS.release.xcconfig"; path = "Pods/Target Support Files/Pods-Kanboard iOS/Pods-Kanboard iOS.release.xcconfig"; sourceTree = "<group>"; };
/* End PBXFileReference section */

/* Begin PBXFrameworksBuildPhase section */
		11F85F0F20A301750060536B /* Frameworks */ = {
			isa = PBXFrameworksBuildPhase;
			buildActionMask = 2147483647;
			files = (
				C461C85F7CBE652E9FB41439 /* Pods_Kanboard_iOS.framework in Frameworks */,
			);
			runOnlyForDeploymentPostprocessing = 0;
		};
		11F85F2320A301770060536B /* Frameworks */ = {
			isa = PBXFrameworksBuildPhase;
			buildActionMask = 2147483647;
			files = (
				EE138FBD0D07043316A8BDA0 /* Pods_Kanboard_iOSTests.framework in Frameworks */,
			);
			runOnlyForDeploymentPostprocessing = 0;
		};
		11F85F3420A3018B0060536B /* Frameworks */ = {
			isa = PBXFrameworksBuildPhase;
			buildActionMask = 2147483647;
			files = (
				55B78D9883660D7AD387C169 /* Pods_Kanboard_macOS.framework in Frameworks */,
			);
			runOnlyForDeploymentPostprocessing = 0;
		};
		11F85F4320A3018C0060536B /* Frameworks */ = {
			isa = PBXFrameworksBuildPhase;
			buildActionMask = 2147483647;
			files = (
				5617B72A3B40834072356FC7 /* Pods_Kanboard_macOSTests.framework in Frameworks */,
			);
			runOnlyForDeploymentPostprocessing = 0;
		};
/* End PBXFrameworksBuildPhase section */

/* Begin PBXGroup section */
		11221B9B20A310CE003888E2 /* Source */ = {
			isa = PBXGroup;
			children = (
				11BB149520A44D89002FCC2A /* KeychainManager.swift */,
				11BB149A20A44F39002FCC2A /* Logger.swift */,
				11BB14DE20A6538B002FCC2A /* Extensions */,
				11BB14BD20A4A7C4002FCC2A /* Database */,
				11221B9D20A313AB003888E2 /* Networking */,
				11BB14C920A4ACEC002FCC2A /* Synchronization */,
			);
			path = Source;
			sourceTree = "<group>";
		};
		11221B9D20A313AB003888E2 /* Networking */ = {
			isa = PBXGroup;
			children = (
				11BB152020A846A5002FCC2A /* Coding */,
				11221BC320A3A0C8003888E2 /* Requests */,
				11221BA920A35B22003888E2 /* Objects */,
				11221BBE20A36D6E003888E2 /* NetworkService.swift */,
				11BB14E420A75C3F002FCC2A /* RequestIdFactory.swift */,
			);
			path = Networking;
			sourceTree = "<group>";
		};
		11221BA920A35B22003888E2 /* Objects */ = {
			isa = PBXGroup;
			children = (
				11BB152620A84717002FCC2A /* RemoteColumn.swift */,
				11BB14D920A6422C002FCC2A /* RemoteObject.swift */,
				11221BB920A36D01003888E2 /* RemoteProject.swift */,
				11B7B67820A895420039716E /* RemoteTask.swift */,
				11B7B69820A8A72F0039716E /* RemoteProjectActivity.swift */,
			);
			path = Objects;
			sourceTree = "<group>";
		};
		11221BC320A3A0C8003888E2 /* Requests */ = {
			isa = PBXGroup;
			children = (
				11221BCE20A3A123003888E2 /* AbstractRequest.swift */,
				11BB14EE20A75FD7002FCC2A /* GetAllProjectsRequest.swift */,
				11B7B67320A895030039716E /* GetAllTasksRequest.swift */,
				11BB152B20A84826002FCC2A /* GetColumnsRequest.swift */,
				11B7B69320A8A7030039716E /* GetProjectActivityRequest.swift */,
				11B7B68B20A8A4660039716E /* GetProjectByIdRequest.swift */,
				11BB14F320A75FDF002FCC2A /* GetVersionRequest.swift */,
			);
			path = Requests;
			sourceTree = "<group>";
		};
		11BB149F20A44FAA002FCC2A /* Controllers */ = {
			isa = PBXGroup;
			children = (
				11BB14B020A450D4002FCC2A /* MainWindowController.swift */,
				11BB14B620A45354002FCC2A /* LoginViewController.swift */,
				11BB14B920A45360002FCC2A /* RunningViewController.swift */,
			);
			path = Controllers;
			sourceTree = "<group>";
		};
		11BB14A020A44FB0002FCC2A /* Default */ = {
			isa = PBXGroup;
			children = (
				11221BA820A31B32003888E2 /* Kanboard macOS.entitlements */,
				11F85F3920A3018B0060536B /* AppDelegate.swift */,
				11F85F3B20A3018C0060536B /* Assets.xcassets */,
				11F85F3D20A3018C0060536B /* MainMenu.xib */,
				11F85F4020A3018C0060536B /* Info.plist */,
			);
			path = Default;
			sourceTree = "<group>";
		};
		11BB14BD20A4A7C4002FCC2A /* Database */ = {
			isa = PBXGroup;
			children = (
				11BB14C320A4AB8E002FCC2A /* Objects */,
			);
			path = Database;
			sourceTree = "<group>";
		};
		11BB14C320A4AB8E002FCC2A /* Objects */ = {
			isa = PBXGroup;
			children = (
				11BB152120A84708002FCC2A /* Column.swift */,
				11BB14C420A4AB94002FCC2A /* Project.swift */,
				11B7B67D20A8954B0039716E /* Task.swift */,
			);
			path = Objects;
			sourceTree = "<group>";
		};
		11BB14C920A4ACEC002FCC2A /* Synchronization */ = {
			isa = PBXGroup;
			children = (
				11BB154B20A85A53002FCC2A /* ObjectExtensions */,
				11BB154420A857D2002FCC2A /* Synchronizers */,
				11BB14CA20A4AD18002FCC2A /* ProjectSyncManager.swift */,
			);
			path = Synchronization;
			sourceTree = "<group>";
		};
		11BB14DE20A6538B002FCC2A /* Extensions */ = {
			isa = PBXGroup;
			children = (
				11BB14DF20A6539B002FCC2A /* RealmExtension.swift */,
			);
			path = Extensions;
			sourceTree = "<group>";
		};
		11BB152020A846A5002FCC2A /* Coding */ = {
			isa = PBXGroup;
			children = (
				11BB151120A7985B002FCC2A /* Decoders.swift */,
				11BB151B20A84180002FCC2A /* JSONRPCEncoder.swift */,
			);
			path = Coding;
			sourceTree = "<group>";
		};
		11BB153020A84E32002FCC2A /* Tests */ = {
			isa = PBXGroup;
			children = (
				11BB153120A84E44002FCC2A /* Networking */,
			);
			path = Tests;
			sourceTree = "<group>";
		};
		11BB153120A84E44002FCC2A /* Networking */ = {
			isa = PBXGroup;
			children = (
				11BB153820A84E88002FCC2A /* GetAllProjectsRequestTest.swift */,
				11B7B68820A89D4A0039716E /* GetAllTasksRequestTest.swift */,
				11BB153B20A853A9002FCC2A /* GetColumnsRequestTest.swift */,
				11BB154120A854F4002FCC2A /* GetVersionRequestTest.swift */,
				11B7B69020A8A4FE0039716E /* GetProjectByIdRequestTest.swift */,
			);
			path = Networking;
			sourceTree = "<group>";
		};
		11BB154420A857D2002FCC2A /* Synchronizers */ = {
			isa = PBXGroup;
			children = (
				11BB14D420A64106002FCC2A /* Synchronizer.swift */,
			);
			path = Synchronizers;
			sourceTree = "<group>";
		};
		11BB154B20A85A53002FCC2A /* ObjectExtensions */ = {
			isa = PBXGroup;
			children = (
				11BB155120A85C47002FCC2A /* ColumnExtension.swift */,
				11BB154C20A85A5F002FCC2A /* ProjectExtension.swift */,
				11B7B68320A8956F0039716E /* TaskExtension.swift */,
			);
			path = ObjectExtensions;
			sourceTree = "<group>";
		};
		11F85F0720A300EF0060536B = {
			isa = PBXGroup;
			children = (
				11221B9B20A310CE003888E2 /* Source */,
				11BB153020A84E32002FCC2A /* Tests */,
				11F85F1420A301750060536B /* Kanboard iOS */,
				11F85F2920A301770060536B /* Kanboard iOSTests */,
				11F85F3820A3018B0060536B /* Kanboard macOS */,
				11F85F4920A3018C0060536B /* Kanboard macOSTests */,
				11F85F1320A301750060536B /* Products */,
				35461B4F1A1F55F0F6780E5E /* Pods */,
				680DAFF6C967F4718E90C21A /* Frameworks */,
			);
			sourceTree = "<group>";
		};
		11F85F1320A301750060536B /* Products */ = {
			isa = PBXGroup;
			children = (
				11F85F1220A301750060536B /* Kanboard iOS.app */,
				11F85F2620A301770060536B /* Kanboard iOSTests.xctest */,
				11F85F3720A3018B0060536B /* Kanboard macOS.app */,
				11F85F4620A3018C0060536B /* Kanboard macOSTests.xctest */,
			);
			name = Products;
			sourceTree = "<group>";
		};
		11F85F1420A301750060536B /* Kanboard iOS */ = {
			isa = PBXGroup;
			children = (
				11F85F1520A301750060536B /* AppDelegate.swift */,
				11F85F1720A301750060536B /* ViewController.swift */,
				11F85F1920A301750060536B /* Main.storyboard */,
				11F85F1C20A301760060536B /* Assets.xcassets */,
				11F85F1E20A301760060536B /* LaunchScreen.storyboard */,
				11F85F2120A301760060536B /* Info.plist */,
			);
			path = "Kanboard iOS";
			sourceTree = "<group>";
		};
		11F85F2920A301770060536B /* Kanboard iOSTests */ = {
			isa = PBXGroup;
			children = (
				11F85F2A20A301770060536B /* Kanboard_iOSTests.swift */,
				11F85F2C20A301770060536B /* Info.plist */,
			);
			path = "Kanboard iOSTests";
			sourceTree = "<group>";
		};
		11F85F3820A3018B0060536B /* Kanboard macOS */ = {
			isa = PBXGroup;
			children = (
				11BB14A020A44FB0002FCC2A /* Default */,
				11BB149F20A44FAA002FCC2A /* Controllers */,
			);
			path = "Kanboard macOS";
			sourceTree = "<group>";
		};
		11F85F4920A3018C0060536B /* Kanboard macOSTests */ = {
			isa = PBXGroup;
			children = (
				11F85F4A20A3018C0060536B /* Kanboard_macOSTests.swift */,
				11F85F4C20A3018C0060536B /* Info.plist */,
			);
			path = "Kanboard macOSTests";
			sourceTree = "<group>";
		};
		35461B4F1A1F55F0F6780E5E /* Pods */ = {
			isa = PBXGroup;
			children = (
				2CD3C666E7F0AEA8A88FF9FD /* Pods-Kanboard iOS.debug.xcconfig */,
				F7140E7C8DEF8F0DB714F500 /* Pods-Kanboard iOS.release.xcconfig */,
				0EC35ACA581240B54B28F28D /* Pods-Kanboard iOSTests.debug.xcconfig */,
				513D38065C29316049516BEE /* Pods-Kanboard iOSTests.release.xcconfig */,
				200A1A596793B970A8715663 /* Pods-Kanboard macOS.debug.xcconfig */,
				B43B112A5F559C1DB84F0EE9 /* Pods-Kanboard macOS.release.xcconfig */,
				5233EF2C47502F74369C2442 /* Pods-Kanboard macOSTests.debug.xcconfig */,
				80FEE6A01E362B30A4734E54 /* Pods-Kanboard macOSTests.release.xcconfig */,
			);
			name = Pods;
			sourceTree = "<group>";
		};
		680DAFF6C967F4718E90C21A /* Frameworks */ = {
			isa = PBXGroup;
			children = (
				1667E70A1495A2BCDEBD675A /* Pods_Kanboard_iOS.framework */,
				8E85A08C4C23AC30CAE5C828 /* Pods_Kanboard_iOSTests.framework */,
				3D94EBB39A1B19C8FF54C199 /* Pods_Kanboard_macOS.framework */,
				63423ACFCA6D9E69846E77C0 /* Pods_Kanboard_macOSTests.framework */,
			);
			name = Frameworks;
			sourceTree = "<group>";
		};
/* End PBXGroup section */

/* Begin PBXNativeTarget section */
		11F85F1120A301750060536B /* Kanboard iOS */ = {
			isa = PBXNativeTarget;
			buildConfigurationList = 11F85F2D20A301770060536B /* Build configuration list for PBXNativeTarget "Kanboard iOS" */;
			buildPhases = (
				F7BFD00777FF5294563B05CD /* [CP] Check Pods Manifest.lock */,
				11F85F0E20A301750060536B /* Sources */,
				11F85F0F20A301750060536B /* Frameworks */,
				11F85F1020A301750060536B /* Resources */,
				CC7C853AA72ACA1DC5126FCD /* [CP] Embed Pods Frameworks */,
			);
			buildRules = (
			);
			dependencies = (
			);
			name = "Kanboard iOS";
			productName = "Kanboard iOS";
			productReference = 11F85F1220A301750060536B /* Kanboard iOS.app */;
			productType = "com.apple.product-type.application";
		};
		11F85F2520A301770060536B /* Kanboard iOSTests */ = {
			isa = PBXNativeTarget;
			buildConfigurationList = 11F85F3020A301770060536B /* Build configuration list for PBXNativeTarget "Kanboard iOSTests" */;
			buildPhases = (
				37624BA2062F076823DC57C0 /* [CP] Check Pods Manifest.lock */,
				11F85F2220A301770060536B /* Sources */,
				11F85F2320A301770060536B /* Frameworks */,
				11F85F2420A301770060536B /* Resources */,
			);
			buildRules = (
			);
			dependencies = (
				11F85F2820A301770060536B /* PBXTargetDependency */,
			);
			name = "Kanboard iOSTests";
			productName = "Kanboard iOSTests";
			productReference = 11F85F2620A301770060536B /* Kanboard iOSTests.xctest */;
			productType = "com.apple.product-type.bundle.unit-test";
		};
		11F85F3620A3018B0060536B /* Kanboard macOS */ = {
			isa = PBXNativeTarget;
			buildConfigurationList = 11F85F4D20A3018C0060536B /* Build configuration list for PBXNativeTarget "Kanboard macOS" */;
			buildPhases = (
				AA235EB051E95ADD59012DF4 /* [CP] Check Pods Manifest.lock */,
				11F85F3320A3018B0060536B /* Sources */,
				11F85F3420A3018B0060536B /* Frameworks */,
				11F85F3520A3018B0060536B /* Resources */,
				65A02A6C183A4AD3DA484674 /* [CP] Embed Pods Frameworks */,
			);
			buildRules = (
			);
			dependencies = (
			);
			name = "Kanboard macOS";
			productName = "Kanboard macOS";
			productReference = 11F85F3720A3018B0060536B /* Kanboard macOS.app */;
			productType = "com.apple.product-type.application";
		};
		11F85F4520A3018C0060536B /* Kanboard macOSTests */ = {
			isa = PBXNativeTarget;
			buildConfigurationList = 11F85F5020A3018C0060536B /* Build configuration list for PBXNativeTarget "Kanboard macOSTests" */;
			buildPhases = (
				23DA2C2773DEFA7770AAD76E /* [CP] Check Pods Manifest.lock */,
				11F85F4220A3018C0060536B /* Sources */,
				11F85F4320A3018C0060536B /* Frameworks */,
				11F85F4420A3018C0060536B /* Resources */,
			);
			buildRules = (
			);
			dependencies = (
				11F85F4820A3018C0060536B /* PBXTargetDependency */,
			);
			name = "Kanboard macOSTests";
			productName = "Kanboard macOSTests";
			productReference = 11F85F4620A3018C0060536B /* Kanboard macOSTests.xctest */;
			productType = "com.apple.product-type.bundle.unit-test";
		};
/* End PBXNativeTarget section */

/* Begin PBXProject section */
		11F85F0820A300EF0060536B /* Project object */ = {
			isa = PBXProject;
			attributes = {
				LastSwiftUpdateCheck = 0930;
				LastUpgradeCheck = 0930;
				TargetAttributes = {
					11F85F1120A301750060536B = {
						CreatedOnToolsVersion = 9.3;
					};
					11F85F2520A301770060536B = {
						CreatedOnToolsVersion = 9.3;
						TestTargetID = 11F85F1120A301750060536B;
					};
					11F85F3620A3018B0060536B = {
						CreatedOnToolsVersion = 9.3;
						SystemCapabilities = {
							com.apple.Sandbox = {
								enabled = 1;
							};
						};
					};
					11F85F4520A3018C0060536B = {
						CreatedOnToolsVersion = 9.3;
						TestTargetID = 11F85F3620A3018B0060536B;
					};
				};
			};
			buildConfigurationList = 11F85F0B20A300EF0060536B /* Build configuration list for PBXProject "SwiftyKanboard" */;
			compatibilityVersion = "Xcode 9.3";
			developmentRegion = en;
			hasScannedForEncodings = 0;
			knownRegions = (
				en,
				Base,
			);
			mainGroup = 11F85F0720A300EF0060536B;
			productRefGroup = 11F85F1320A301750060536B /* Products */;
			projectDirPath = "";
			projectRoot = "";
			targets = (
				11F85F1120A301750060536B /* Kanboard iOS */,
				11F85F2520A301770060536B /* Kanboard iOSTests */,
				11F85F3620A3018B0060536B /* Kanboard macOS */,
				11F85F4520A3018C0060536B /* Kanboard macOSTests */,
			);
		};
/* End PBXProject section */

/* Begin PBXResourcesBuildPhase section */
		11F85F1020A301750060536B /* Resources */ = {
			isa = PBXResourcesBuildPhase;
			buildActionMask = 2147483647;
			files = (
				11F85F2020A301760060536B /* LaunchScreen.storyboard in Resources */,
				11F85F1D20A301760060536B /* Assets.xcassets in Resources */,
				11F85F1B20A301750060536B /* Main.storyboard in Resources */,
			);
			runOnlyForDeploymentPostprocessing = 0;
		};
		11F85F2420A301770060536B /* Resources */ = {
			isa = PBXResourcesBuildPhase;
			buildActionMask = 2147483647;
			files = (
			);
			runOnlyForDeploymentPostprocessing = 0;
		};
		11F85F3520A3018B0060536B /* Resources */ = {
			isa = PBXResourcesBuildPhase;
			buildActionMask = 2147483647;
			files = (
				11F85F3C20A3018C0060536B /* Assets.xcassets in Resources */,
				11F85F3F20A3018C0060536B /* MainMenu.xib in Resources */,
			);
			runOnlyForDeploymentPostprocessing = 0;
		};
		11F85F4420A3018C0060536B /* Resources */ = {
			isa = PBXResourcesBuildPhase;
			buildActionMask = 2147483647;
			files = (
			);
			runOnlyForDeploymentPostprocessing = 0;
		};
/* End PBXResourcesBuildPhase section */

/* Begin PBXShellScriptBuildPhase section */
		23DA2C2773DEFA7770AAD76E /* [CP] Check Pods Manifest.lock */ = {
			isa = PBXShellScriptBuildPhase;
			buildActionMask = 2147483647;
			files = (
			);
			inputPaths = (
				"${PODS_PODFILE_DIR_PATH}/Podfile.lock",
				"${PODS_ROOT}/Manifest.lock",
			);
			name = "[CP] Check Pods Manifest.lock";
			outputPaths = (
				"$(DERIVED_FILE_DIR)/Pods-Kanboard macOSTests-checkManifestLockResult.txt",
			);
			runOnlyForDeploymentPostprocessing = 0;
			shellPath = /bin/sh;
			shellScript = "diff \"${PODS_PODFILE_DIR_PATH}/Podfile.lock\" \"${PODS_ROOT}/Manifest.lock\" > /dev/null\nif [ $? != 0 ] ; then\n    # print error to STDERR\n    echo \"error: The sandbox is not in sync with the Podfile.lock. Run 'pod install' or update your CocoaPods installation.\" >&2\n    exit 1\nfi\n# This output is used by Xcode 'outputs' to avoid re-running this script phase.\necho \"SUCCESS\" > \"${SCRIPT_OUTPUT_FILE_0}\"\n";
			showEnvVarsInLog = 0;
		};
		37624BA2062F076823DC57C0 /* [CP] Check Pods Manifest.lock */ = {
			isa = PBXShellScriptBuildPhase;
			buildActionMask = 2147483647;
			files = (
			);
			inputPaths = (
				"${PODS_PODFILE_DIR_PATH}/Podfile.lock",
				"${PODS_ROOT}/Manifest.lock",
			);
			name = "[CP] Check Pods Manifest.lock";
			outputPaths = (
				"$(DERIVED_FILE_DIR)/Pods-Kanboard iOSTests-checkManifestLockResult.txt",
			);
			runOnlyForDeploymentPostprocessing = 0;
			shellPath = /bin/sh;
			shellScript = "diff \"${PODS_PODFILE_DIR_PATH}/Podfile.lock\" \"${PODS_ROOT}/Manifest.lock\" > /dev/null\nif [ $? != 0 ] ; then\n    # print error to STDERR\n    echo \"error: The sandbox is not in sync with the Podfile.lock. Run 'pod install' or update your CocoaPods installation.\" >&2\n    exit 1\nfi\n# This output is used by Xcode 'outputs' to avoid re-running this script phase.\necho \"SUCCESS\" > \"${SCRIPT_OUTPUT_FILE_0}\"\n";
			showEnvVarsInLog = 0;
		};
		65A02A6C183A4AD3DA484674 /* [CP] Embed Pods Frameworks */ = {
			isa = PBXShellScriptBuildPhase;
			buildActionMask = 2147483647;
			files = (
			);
			inputPaths = (
				"${SRCROOT}/Pods/Target Support Files/Pods-Kanboard macOS/Pods-Kanboard macOS-frameworks.sh",
				"${BUILT_PRODUCTS_DIR}/Realm-macOS/Realm.framework",
				"${BUILT_PRODUCTS_DIR}/RealmSwift-macOS/RealmSwift.framework",
				"${BUILT_PRODUCTS_DIR}/SnapKit-macOS/SnapKit.framework",
			);
			name = "[CP] Embed Pods Frameworks";
			outputPaths = (
				"${TARGET_BUILD_DIR}/${FRAMEWORKS_FOLDER_PATH}/Realm.framework",
				"${TARGET_BUILD_DIR}/${FRAMEWORKS_FOLDER_PATH}/RealmSwift.framework",
				"${TARGET_BUILD_DIR}/${FRAMEWORKS_FOLDER_PATH}/SnapKit.framework",
			);
			runOnlyForDeploymentPostprocessing = 0;
			shellPath = /bin/sh;
			shellScript = "\"${SRCROOT}/Pods/Target Support Files/Pods-Kanboard macOS/Pods-Kanboard macOS-frameworks.sh\"\n";
			showEnvVarsInLog = 0;
		};
		AA235EB051E95ADD59012DF4 /* [CP] Check Pods Manifest.lock */ = {
			isa = PBXShellScriptBuildPhase;
			buildActionMask = 2147483647;
			files = (
			);
			inputPaths = (
				"${PODS_PODFILE_DIR_PATH}/Podfile.lock",
				"${PODS_ROOT}/Manifest.lock",
			);
			name = "[CP] Check Pods Manifest.lock";
			outputPaths = (
				"$(DERIVED_FILE_DIR)/Pods-Kanboard macOS-checkManifestLockResult.txt",
			);
			runOnlyForDeploymentPostprocessing = 0;
			shellPath = /bin/sh;
			shellScript = "diff \"${PODS_PODFILE_DIR_PATH}/Podfile.lock\" \"${PODS_ROOT}/Manifest.lock\" > /dev/null\nif [ $? != 0 ] ; then\n    # print error to STDERR\n    echo \"error: The sandbox is not in sync with the Podfile.lock. Run 'pod install' or update your CocoaPods installation.\" >&2\n    exit 1\nfi\n# This output is used by Xcode 'outputs' to avoid re-running this script phase.\necho \"SUCCESS\" > \"${SCRIPT_OUTPUT_FILE_0}\"\n";
			showEnvVarsInLog = 0;
		};
		CC7C853AA72ACA1DC5126FCD /* [CP] Embed Pods Frameworks */ = {
			isa = PBXShellScriptBuildPhase;
			buildActionMask = 2147483647;
			files = (
			);
			inputPaths = (
				"${SRCROOT}/Pods/Target Support Files/Pods-Kanboard iOS/Pods-Kanboard iOS-frameworks.sh",
				"${BUILT_PRODUCTS_DIR}/Realm-iOS/Realm.framework",
				"${BUILT_PRODUCTS_DIR}/RealmSwift-iOS/RealmSwift.framework",
				"${BUILT_PRODUCTS_DIR}/SnapKit-iOS/SnapKit.framework",
			);
			name = "[CP] Embed Pods Frameworks";
			outputPaths = (
				"${TARGET_BUILD_DIR}/${FRAMEWORKS_FOLDER_PATH}/Realm.framework",
				"${TARGET_BUILD_DIR}/${FRAMEWORKS_FOLDER_PATH}/RealmSwift.framework",
				"${TARGET_BUILD_DIR}/${FRAMEWORKS_FOLDER_PATH}/SnapKit.framework",
			);
			runOnlyForDeploymentPostprocessing = 0;
			shellPath = /bin/sh;
			shellScript = "\"${SRCROOT}/Pods/Target Support Files/Pods-Kanboard iOS/Pods-Kanboard iOS-frameworks.sh\"\n";
			showEnvVarsInLog = 0;
		};
		F7BFD00777FF5294563B05CD /* [CP] Check Pods Manifest.lock */ = {
			isa = PBXShellScriptBuildPhase;
			buildActionMask = 2147483647;
			files = (
			);
			inputPaths = (
				"${PODS_PODFILE_DIR_PATH}/Podfile.lock",
				"${PODS_ROOT}/Manifest.lock",
			);
			name = "[CP] Check Pods Manifest.lock";
			outputPaths = (
				"$(DERIVED_FILE_DIR)/Pods-Kanboard iOS-checkManifestLockResult.txt",
			);
			runOnlyForDeploymentPostprocessing = 0;
			shellPath = /bin/sh;
			shellScript = "diff \"${PODS_PODFILE_DIR_PATH}/Podfile.lock\" \"${PODS_ROOT}/Manifest.lock\" > /dev/null\nif [ $? != 0 ] ; then\n    # print error to STDERR\n    echo \"error: The sandbox is not in sync with the Podfile.lock. Run 'pod install' or update your CocoaPods installation.\" >&2\n    exit 1\nfi\n# This output is used by Xcode 'outputs' to avoid re-running this script phase.\necho \"SUCCESS\" > \"${SCRIPT_OUTPUT_FILE_0}\"\n";
			showEnvVarsInLog = 0;
		};
/* End PBXShellScriptBuildPhase section */

/* Begin PBXSourcesBuildPhase section */
		11F85F0E20A301750060536B /* Sources */ = {
			isa = PBXSourcesBuildPhase;
			buildActionMask = 2147483647;
			files = (
				11B7B68420A8956F0039716E /* TaskExtension.swift in Sources */,
				11BB14DA20A6422C002FCC2A /* RemoteObject.swift in Sources */,
				11BB14EF20A75FD7002FCC2A /* GetAllProjectsRequest.swift in Sources */,
				11BB152C20A84826002FCC2A /* GetColumnsRequest.swift in Sources */,
				11BB155220A85C47002FCC2A /* ColumnExtension.swift in Sources */,
				11BB151C20A84180002FCC2A /* JSONRPCEncoder.swift in Sources */,
				11BB152220A84708002FCC2A /* Column.swift in Sources */,
				11B7B69920A8A72F0039716E /* RemoteProjectActivity.swift in Sources */,
				11B7B67420A895030039716E /* GetAllTasksRequest.swift in Sources */,
				11BB154D20A85A5F002FCC2A /* ProjectExtension.swift in Sources */,
				11BB14F420A75FDF002FCC2A /* GetVersionRequest.swift in Sources */,
				11F85F1820A301750060536B /* ViewController.swift in Sources */,
				11F85F1620A301750060536B /* AppDelegate.swift in Sources */,
				11BB152720A84717002FCC2A /* RemoteColumn.swift in Sources */,
				11B7B67E20A8954B0039716E /* Task.swift in Sources */,
				11221BBA20A36D01003888E2 /* RemoteProject.swift in Sources */,
				11BB149620A44D89002FCC2A /* KeychainManager.swift in Sources */,
				11B7B68C20A8A4660039716E /* GetProjectByIdRequest.swift in Sources */,
				11BB14D520A64106002FCC2A /* Synchronizer.swift in Sources */,
				11BB14CB20A4AD18002FCC2A /* ProjectSyncManager.swift in Sources */,
				11BB149B20A44F39002FCC2A /* Logger.swift in Sources */,
				11BB14E020A6539B002FCC2A /* RealmExtension.swift in Sources */,
				11B7B67920A895420039716E /* RemoteTask.swift in Sources */,
				11BB14C520A4AB94002FCC2A /* Project.swift in Sources */,
				11221BBF20A36D6E003888E2 /* NetworkService.swift in Sources */,
				11221BCF20A3A123003888E2 /* AbstractRequest.swift in Sources */,
				11BB14E520A75C3F002FCC2A /* RequestIdFactory.swift in Sources */,
				11BB151220A7985B002FCC2A /* Decoders.swift in Sources */,
				11B7B69420A8A7030039716E /* GetProjectActivityRequest.swift in Sources */,
			);
			runOnlyForDeploymentPostprocessing = 0;
		};
		11F85F2220A301770060536B /* Sources */ = {
			isa = PBXSourcesBuildPhase;
			buildActionMask = 2147483647;
			files = (
				11221BC020A36D6E003888E2 /* NetworkService.swift in Sources */,
				11F85F2B20A301770060536B /* Kanboard_iOSTests.swift in Sources */,
				11BB151320A7985B002FCC2A /* Decoders.swift in Sources */,
				11BB152820A84717002FCC2A /* RemoteColumn.swift in Sources */,
				11BB151D20A84180002FCC2A /* JSONRPCEncoder.swift in Sources */,
				11BB14F020A75FD7002FCC2A /* GetAllProjectsRequest.swift in Sources */,
				11BB14E120A6539B002FCC2A /* RealmExtension.swift in Sources */,
				11B7B69520A8A7030039716E /* GetProjectActivityRequest.swift in Sources */,
				11BB154E20A85A5F002FCC2A /* ProjectExtension.swift in Sources */,
				11B7B67A20A895420039716E /* RemoteTask.swift in Sources */,
				11BB153920A84E88002FCC2A /* GetAllProjectsRequestTest.swift in Sources */,
				11BB154220A854F4002FCC2A /* GetVersionRequestTest.swift in Sources */,
				11BB14C620A4AB94002FCC2A /* Project.swift in Sources */,
				11BB14F520A75FDF002FCC2A /* GetVersionRequest.swift in Sources */,
				11BB149C20A44F39002FCC2A /* Logger.swift in Sources */,
				11B7B68520A8956F0039716E /* TaskExtension.swift in Sources */,
				11221BD020A3A123003888E2 /* AbstractRequest.swift in Sources */,
				11B7B69A20A8A72F0039716E /* RemoteProjectActivity.swift in Sources */,
				11BB152D20A84826002FCC2A /* GetColumnsRequest.swift in Sources */,
				11BB153C20A853A9002FCC2A /* GetColumnsRequestTest.swift in Sources */,
				11BB152320A84708002FCC2A /* Column.swift in Sources */,
				11BB14CC20A4AD18002FCC2A /* ProjectSyncManager.swift in Sources */,
				11B7B68920A89D4A0039716E /* GetAllTasksRequestTest.swift in Sources */,
				11221BBB20A36D01003888E2 /* RemoteProject.swift in Sources */,
				11B7B67520A895070039716E /* GetAllTasksRequest.swift in Sources */,
				11BB149720A44D89002FCC2A /* KeychainManager.swift in Sources */,
				11BB14D620A64106002FCC2A /* Synchronizer.swift in Sources */,
				11B7B68D20A8A4660039716E /* GetProjectByIdRequest.swift in Sources */,
				11BB155320A85C47002FCC2A /* ColumnExtension.swift in Sources */,
				11BB14DB20A6422C002FCC2A /* RemoteObject.swift in Sources */,
				11B7B67F20A8954B0039716E /* Task.swift in Sources */,
				11B7B69120A8A4FE0039716E /* GetProjectByIdRequestTest.swift in Sources */,
				11BB14E620A75C3F002FCC2A /* RequestIdFactory.swift in Sources */,
			);
			runOnlyForDeploymentPostprocessing = 0;
		};
		11F85F3320A3018B0060536B /* Sources */ = {
			isa = PBXSourcesBuildPhase;
			buildActionMask = 2147483647;
			files = (
				11BB14DC20A6422C002FCC2A /* RemoteObject.swift in Sources */,
				11221BC120A36D6E003888E2 /* NetworkService.swift in Sources */,
				11BB14E220A6539B002FCC2A /* RealmExtension.swift in Sources */,
				11BB14CD20A4AD18002FCC2A /* ProjectSyncManager.swift in Sources */,
				11F85F3A20A3018B0060536B /* AppDelegate.swift in Sources */,
				11B7B68E20A8A4660039716E /* GetProjectByIdRequest.swift in Sources */,
				11BB14B220A450D4002FCC2A /* MainWindowController.swift in Sources */,
				11BB154F20A85A5F002FCC2A /* ProjectExtension.swift in Sources */,
				11BB149D20A44F39002FCC2A /* Logger.swift in Sources */,
				11B7B67B20A895420039716E /* RemoteTask.swift in Sources */,
				11BB14F620A75FDF002FCC2A /* GetVersionRequest.swift in Sources */,
				11B7B69620A8A7030039716E /* GetProjectActivityRequest.swift in Sources */,
				11BB14C720A4AB94002FCC2A /* Project.swift in Sources */,
				11BB152E20A84826002FCC2A /* GetColumnsRequest.swift in Sources */,
				11221BD120A3A123003888E2 /* AbstractRequest.swift in Sources */,
				11BB14E720A75C3F002FCC2A /* RequestIdFactory.swift in Sources */,
				11B7B69B20A8A72F0039716E /* RemoteProjectActivity.swift in Sources */,
				11B7B68620A8956F0039716E /* TaskExtension.swift in Sources */,
				11221BBC20A36D01003888E2 /* RemoteProject.swift in Sources */,
				11BB14D720A64106002FCC2A /* Synchronizer.swift in Sources */,
				11BB149820A44D89002FCC2A /* KeychainManager.swift in Sources */,
				11BB14BA20A45360002FCC2A /* RunningViewController.swift in Sources */,
				11BB151420A7985B002FCC2A /* Decoders.swift in Sources */,
				11BB152420A84708002FCC2A /* Column.swift in Sources */,
				11B7B67620A895070039716E /* GetAllTasksRequest.swift in Sources */,
				11BB14B720A45354002FCC2A /* LoginViewController.swift in Sources */,
				11BB152920A84717002FCC2A /* RemoteColumn.swift in Sources */,
				11BB155420A85C47002FCC2A /* ColumnExtension.swift in Sources */,
				11BB151E20A84180002FCC2A /* JSONRPCEncoder.swift in Sources */,
				11B7B68020A8954B0039716E /* Task.swift in Sources */,
				11BB14F120A75FD7002FCC2A /* GetAllProjectsRequest.swift in Sources */,
			);
			runOnlyForDeploymentPostprocessing = 0;
		};
		11F85F4220A3018C0060536B /* Sources */ = {
			isa = PBXSourcesBuildPhase;
			buildActionMask = 2147483647;
			files = (
				11BB14DD20A6422C002FCC2A /* RemoteObject.swift in Sources */,
				11221BC220A36D6E003888E2 /* NetworkService.swift in Sources */,
				11BB155520A85C47002FCC2A /* ColumnExtension.swift in Sources */,
				11B7B67C20A895420039716E /* RemoteTask.swift in Sources */,
				11BB14E320A6539B002FCC2A /* RealmExtension.swift in Sources */,
				11BB14CE20A4AD18002FCC2A /* ProjectSyncManager.swift in Sources */,
				11B7B69720A8A7030039716E /* GetProjectActivityRequest.swift in Sources */,
				11F85F4B20A3018C0060536B /* Kanboard_macOSTests.swift in Sources */,
				11BB14B320A450D4002FCC2A /* MainWindowController.swift in Sources */,
				11BB149E20A44F39002FCC2A /* Logger.swift in Sources */,
				11BB14F720A75FDF002FCC2A /* GetVersionRequest.swift in Sources */,
				11BB14C820A4AB94002FCC2A /* Project.swift in Sources */,
				11BB152F20A84826002FCC2A /* GetColumnsRequest.swift in Sources */,
				11B7B67720A895080039716E /* GetAllTasksRequest.swift in Sources */,
				11B7B69C20A8A72F0039716E /* RemoteProjectActivity.swift in Sources */,
				11221BD220A3A123003888E2 /* AbstractRequest.swift in Sources */,
				11B7B68720A8956F0039716E /* TaskExtension.swift in Sources */,
				11BB14E820A75C3F002FCC2A /* RequestIdFactory.swift in Sources */,
				11221BBD20A36D01003888E2 /* RemoteProject.swift in Sources */,
				11BB14D820A64106002FCC2A /* Synchronizer.swift in Sources */,
				11BB149920A44D89002FCC2A /* KeychainManager.swift in Sources */,
				11BB14BB20A45360002FCC2A /* RunningViewController.swift in Sources */,
				11B7B69220A8A4FE0039716E /* GetProjectByIdRequestTest.swift in Sources */,
				11BB151520A7985B002FCC2A /* Decoders.swift in Sources */,
				11BB152520A84708002FCC2A /* Column.swift in Sources */,
				11BB14B820A45354002FCC2A /* LoginViewController.swift in Sources */,
				11B7B68120A8954B0039716E /* Task.swift in Sources */,
				11BB152A20A84717002FCC2A /* RemoteColumn.swift in Sources */,
				11BB155020A85A5F002FCC2A /* ProjectExtension.swift in Sources */,
				11BB153D20A853A9002FCC2A /* GetColumnsRequestTest.swift in Sources */,
				11BB151F20A84180002FCC2A /* JSONRPCEncoder.swift in Sources */,
				11BB154320A854F4002FCC2A /* GetVersionRequestTest.swift in Sources */,
				11BB153A20A84E88002FCC2A /* GetAllProjectsRequestTest.swift in Sources */,
				11BB14F220A75FD7002FCC2A /* GetAllProjectsRequest.swift in Sources */,
				11B7B68F20A8A4660039716E /* GetProjectByIdRequest.swift in Sources */,
				11B7B68A20A89D4A0039716E /* GetAllTasksRequestTest.swift in Sources */,
			);
			runOnlyForDeploymentPostprocessing = 0;
		};
/* End PBXSourcesBuildPhase section */

/* Begin PBXTargetDependency section */
		11F85F2820A301770060536B /* PBXTargetDependency */ = {
			isa = PBXTargetDependency;
			target = 11F85F1120A301750060536B /* Kanboard iOS */;
			targetProxy = 11F85F2720A301770060536B /* PBXContainerItemProxy */;
		};
		11F85F4820A3018C0060536B /* PBXTargetDependency */ = {
			isa = PBXTargetDependency;
			target = 11F85F3620A3018B0060536B /* Kanboard macOS */;
			targetProxy = 11F85F4720A3018C0060536B /* PBXContainerItemProxy */;
		};
/* End PBXTargetDependency section */

/* Begin PBXVariantGroup section */
		11F85F1920A301750060536B /* Main.storyboard */ = {
			isa = PBXVariantGroup;
			children = (
				11F85F1A20A301750060536B /* Base */,
			);
			name = Main.storyboard;
			sourceTree = "<group>";
		};
		11F85F1E20A301760060536B /* LaunchScreen.storyboard */ = {
			isa = PBXVariantGroup;
			children = (
				11F85F1F20A301760060536B /* Base */,
			);
			name = LaunchScreen.storyboard;
			sourceTree = "<group>";
		};
		11F85F3D20A3018C0060536B /* MainMenu.xib */ = {
			isa = PBXVariantGroup;
			children = (
				11F85F3E20A3018C0060536B /* Base */,
			);
			name = MainMenu.xib;
			sourceTree = "<group>";
		};
/* End PBXVariantGroup section */

/* Begin XCBuildConfiguration section */
		11F85F0C20A300EF0060536B /* Debug */ = {
			isa = XCBuildConfiguration;
			buildSettings = {
			};
			name = Debug;
		};
		11F85F0D20A300EF0060536B /* Release */ = {
			isa = XCBuildConfiguration;
			buildSettings = {
			};
			name = Release;
		};
		11F85F2E20A301770060536B /* Debug */ = {
			isa = XCBuildConfiguration;
			baseConfigurationReference = 2CD3C666E7F0AEA8A88FF9FD /* Pods-Kanboard iOS.debug.xcconfig */;
			buildSettings = {
				ALWAYS_SEARCH_USER_PATHS = NO;
				ASSETCATALOG_COMPILER_APPICON_NAME = AppIcon;
				CLANG_ANALYZER_NONNULL = YES;
				CLANG_ANALYZER_NUMBER_OBJECT_CONVERSION = YES_AGGRESSIVE;
				CLANG_CXX_LANGUAGE_STANDARD = "gnu++14";
				CLANG_CXX_LIBRARY = "libc++";
				CLANG_ENABLE_MODULES = YES;
				CLANG_ENABLE_OBJC_ARC = YES;
				CLANG_ENABLE_OBJC_WEAK = YES;
				CLANG_WARN_BLOCK_CAPTURE_AUTORELEASING = YES;
				CLANG_WARN_BOOL_CONVERSION = YES;
				CLANG_WARN_COMMA = YES;
				CLANG_WARN_CONSTANT_CONVERSION = YES;
				CLANG_WARN_DEPRECATED_OBJC_IMPLEMENTATIONS = YES;
				CLANG_WARN_DIRECT_OBJC_ISA_USAGE = YES_ERROR;
				CLANG_WARN_DOCUMENTATION_COMMENTS = YES;
				CLANG_WARN_EMPTY_BODY = YES;
				CLANG_WARN_ENUM_CONVERSION = YES;
				CLANG_WARN_INFINITE_RECURSION = YES;
				CLANG_WARN_INT_CONVERSION = YES;
				CLANG_WARN_NON_LITERAL_NULL_CONVERSION = YES;
				CLANG_WARN_OBJC_IMPLICIT_RETAIN_SELF = YES;
				CLANG_WARN_OBJC_LITERAL_CONVERSION = YES;
				CLANG_WARN_OBJC_ROOT_CLASS = YES_ERROR;
				CLANG_WARN_RANGE_LOOP_ANALYSIS = YES;
				CLANG_WARN_STRICT_PROTOTYPES = YES;
				CLANG_WARN_SUSPICIOUS_MOVE = YES;
				CLANG_WARN_UNGUARDED_AVAILABILITY = YES_AGGRESSIVE;
				CLANG_WARN_UNREACHABLE_CODE = YES;
				CLANG_WARN__DUPLICATE_METHOD_MATCH = YES;
				CODE_SIGN_IDENTITY = "iPhone Developer";
				CODE_SIGN_STYLE = Automatic;
				COPY_PHASE_STRIP = NO;
				DEBUG_INFORMATION_FORMAT = dwarf;
				DEVELOPMENT_TEAM = NHVF8NSG3J;
				ENABLE_STRICT_OBJC_MSGSEND = YES;
				ENABLE_TESTABILITY = YES;
				GCC_C_LANGUAGE_STANDARD = gnu11;
				GCC_DYNAMIC_NO_PIC = NO;
				GCC_NO_COMMON_BLOCKS = YES;
				GCC_OPTIMIZATION_LEVEL = 0;
				GCC_PREPROCESSOR_DEFINITIONS = (
					"DEBUG=1",
					"$(inherited)",
				);
				GCC_WARN_64_TO_32_BIT_CONVERSION = YES;
				GCC_WARN_ABOUT_RETURN_TYPE = YES_ERROR;
				GCC_WARN_UNDECLARED_SELECTOR = YES;
				GCC_WARN_UNINITIALIZED_AUTOS = YES_AGGRESSIVE;
				GCC_WARN_UNUSED_FUNCTION = YES;
				GCC_WARN_UNUSED_VARIABLE = YES;
				INFOPLIST_FILE = "Kanboard iOS/Info.plist";
				IPHONEOS_DEPLOYMENT_TARGET = 11.0;
				LD_RUNPATH_SEARCH_PATHS = (
					"$(inherited)",
					"@executable_path/Frameworks",
				);
				MTL_ENABLE_DEBUG_INFO = YES;
				ONLY_ACTIVE_ARCH = YES;
				PRODUCT_BUNDLE_IDENTIFIER = "me.dvor.Kanboard-iOS";
				PRODUCT_NAME = "$(TARGET_NAME)";
				SDKROOT = iphoneos;
				SWIFT_ACTIVE_COMPILATION_CONDITIONS = DEBUG;
				SWIFT_OPTIMIZATION_LEVEL = "-Onone";
				SWIFT_VERSION = 4.0;
				TARGETED_DEVICE_FAMILY = 1;
			};
			name = Debug;
		};
		11F85F2F20A301770060536B /* Release */ = {
			isa = XCBuildConfiguration;
			baseConfigurationReference = F7140E7C8DEF8F0DB714F500 /* Pods-Kanboard iOS.release.xcconfig */;
			buildSettings = {
				ALWAYS_SEARCH_USER_PATHS = NO;
				ASSETCATALOG_COMPILER_APPICON_NAME = AppIcon;
				CLANG_ANALYZER_NONNULL = YES;
				CLANG_ANALYZER_NUMBER_OBJECT_CONVERSION = YES_AGGRESSIVE;
				CLANG_CXX_LANGUAGE_STANDARD = "gnu++14";
				CLANG_CXX_LIBRARY = "libc++";
				CLANG_ENABLE_MODULES = YES;
				CLANG_ENABLE_OBJC_ARC = YES;
				CLANG_ENABLE_OBJC_WEAK = YES;
				CLANG_WARN_BLOCK_CAPTURE_AUTORELEASING = YES;
				CLANG_WARN_BOOL_CONVERSION = YES;
				CLANG_WARN_COMMA = YES;
				CLANG_WARN_CONSTANT_CONVERSION = YES;
				CLANG_WARN_DEPRECATED_OBJC_IMPLEMENTATIONS = YES;
				CLANG_WARN_DIRECT_OBJC_ISA_USAGE = YES_ERROR;
				CLANG_WARN_DOCUMENTATION_COMMENTS = YES;
				CLANG_WARN_EMPTY_BODY = YES;
				CLANG_WARN_ENUM_CONVERSION = YES;
				CLANG_WARN_INFINITE_RECURSION = YES;
				CLANG_WARN_INT_CONVERSION = YES;
				CLANG_WARN_NON_LITERAL_NULL_CONVERSION = YES;
				CLANG_WARN_OBJC_IMPLICIT_RETAIN_SELF = YES;
				CLANG_WARN_OBJC_LITERAL_CONVERSION = YES;
				CLANG_WARN_OBJC_ROOT_CLASS = YES_ERROR;
				CLANG_WARN_RANGE_LOOP_ANALYSIS = YES;
				CLANG_WARN_STRICT_PROTOTYPES = YES;
				CLANG_WARN_SUSPICIOUS_MOVE = YES;
				CLANG_WARN_UNGUARDED_AVAILABILITY = YES_AGGRESSIVE;
				CLANG_WARN_UNREACHABLE_CODE = YES;
				CLANG_WARN__DUPLICATE_METHOD_MATCH = YES;
				CODE_SIGN_IDENTITY = "iPhone Developer";
				CODE_SIGN_STYLE = Automatic;
				COPY_PHASE_STRIP = NO;
				DEBUG_INFORMATION_FORMAT = "dwarf-with-dsym";
				DEVELOPMENT_TEAM = NHVF8NSG3J;
				ENABLE_NS_ASSERTIONS = NO;
				ENABLE_STRICT_OBJC_MSGSEND = YES;
				GCC_C_LANGUAGE_STANDARD = gnu11;
				GCC_NO_COMMON_BLOCKS = YES;
				GCC_WARN_64_TO_32_BIT_CONVERSION = YES;
				GCC_WARN_ABOUT_RETURN_TYPE = YES_ERROR;
				GCC_WARN_UNDECLARED_SELECTOR = YES;
				GCC_WARN_UNINITIALIZED_AUTOS = YES_AGGRESSIVE;
				GCC_WARN_UNUSED_FUNCTION = YES;
				GCC_WARN_UNUSED_VARIABLE = YES;
				INFOPLIST_FILE = "Kanboard iOS/Info.plist";
				IPHONEOS_DEPLOYMENT_TARGET = 11.0;
				LD_RUNPATH_SEARCH_PATHS = (
					"$(inherited)",
					"@executable_path/Frameworks",
				);
				MTL_ENABLE_DEBUG_INFO = NO;
				PRODUCT_BUNDLE_IDENTIFIER = "me.dvor.Kanboard-iOS";
				PRODUCT_NAME = "$(TARGET_NAME)";
				SDKROOT = iphoneos;
				SWIFT_COMPILATION_MODE = wholemodule;
				SWIFT_OPTIMIZATION_LEVEL = "-O";
				SWIFT_VERSION = 4.0;
				TARGETED_DEVICE_FAMILY = 1;
				VALIDATE_PRODUCT = YES;
			};
			name = Release;
		};
		11F85F3120A301770060536B /* Debug */ = {
			isa = XCBuildConfiguration;
			baseConfigurationReference = 0EC35ACA581240B54B28F28D /* Pods-Kanboard iOSTests.debug.xcconfig */;
			buildSettings = {
				ALWAYS_EMBED_SWIFT_STANDARD_LIBRARIES = YES;
				ALWAYS_SEARCH_USER_PATHS = NO;
				BUNDLE_LOADER = "$(TEST_HOST)";
				CLANG_ANALYZER_NONNULL = YES;
				CLANG_ANALYZER_NUMBER_OBJECT_CONVERSION = YES_AGGRESSIVE;
				CLANG_CXX_LANGUAGE_STANDARD = "gnu++14";
				CLANG_CXX_LIBRARY = "libc++";
				CLANG_ENABLE_MODULES = YES;
				CLANG_ENABLE_OBJC_ARC = YES;
				CLANG_ENABLE_OBJC_WEAK = YES;
				CLANG_WARN_BLOCK_CAPTURE_AUTORELEASING = YES;
				CLANG_WARN_BOOL_CONVERSION = YES;
				CLANG_WARN_COMMA = YES;
				CLANG_WARN_CONSTANT_CONVERSION = YES;
				CLANG_WARN_DEPRECATED_OBJC_IMPLEMENTATIONS = YES;
				CLANG_WARN_DIRECT_OBJC_ISA_USAGE = YES_ERROR;
				CLANG_WARN_DOCUMENTATION_COMMENTS = YES;
				CLANG_WARN_EMPTY_BODY = YES;
				CLANG_WARN_ENUM_CONVERSION = YES;
				CLANG_WARN_INFINITE_RECURSION = YES;
				CLANG_WARN_INT_CONVERSION = YES;
				CLANG_WARN_NON_LITERAL_NULL_CONVERSION = YES;
				CLANG_WARN_OBJC_IMPLICIT_RETAIN_SELF = YES;
				CLANG_WARN_OBJC_LITERAL_CONVERSION = YES;
				CLANG_WARN_OBJC_ROOT_CLASS = YES_ERROR;
				CLANG_WARN_RANGE_LOOP_ANALYSIS = YES;
				CLANG_WARN_STRICT_PROTOTYPES = YES;
				CLANG_WARN_SUSPICIOUS_MOVE = YES;
				CLANG_WARN_UNGUARDED_AVAILABILITY = YES_AGGRESSIVE;
				CLANG_WARN_UNREACHABLE_CODE = YES;
				CLANG_WARN__DUPLICATE_METHOD_MATCH = YES;
				CODE_SIGN_IDENTITY = "iPhone Developer";
				CODE_SIGN_STYLE = Automatic;
				COPY_PHASE_STRIP = NO;
				DEBUG_INFORMATION_FORMAT = dwarf;
				DEVELOPMENT_TEAM = NHVF8NSG3J;
				ENABLE_STRICT_OBJC_MSGSEND = YES;
				ENABLE_TESTABILITY = YES;
				GCC_C_LANGUAGE_STANDARD = gnu11;
				GCC_DYNAMIC_NO_PIC = NO;
				GCC_NO_COMMON_BLOCKS = YES;
				GCC_OPTIMIZATION_LEVEL = 0;
				GCC_PREPROCESSOR_DEFINITIONS = (
					"DEBUG=1",
					"$(inherited)",
				);
				GCC_WARN_64_TO_32_BIT_CONVERSION = YES;
				GCC_WARN_ABOUT_RETURN_TYPE = YES_ERROR;
				GCC_WARN_UNDECLARED_SELECTOR = YES;
				GCC_WARN_UNINITIALIZED_AUTOS = YES_AGGRESSIVE;
				GCC_WARN_UNUSED_FUNCTION = YES;
				GCC_WARN_UNUSED_VARIABLE = YES;
				INFOPLIST_FILE = "Kanboard iOSTests/Info.plist";
				IPHONEOS_DEPLOYMENT_TARGET = 11.3;
				LD_RUNPATH_SEARCH_PATHS = (
					"$(inherited)",
					"@executable_path/Frameworks",
					"@loader_path/Frameworks",
				);
				MTL_ENABLE_DEBUG_INFO = YES;
				ONLY_ACTIVE_ARCH = YES;
				PRODUCT_BUNDLE_IDENTIFIER = "me.dvor.Kanboard-iOSTests";
				PRODUCT_NAME = "$(TARGET_NAME)";
				SDKROOT = iphoneos;
				SWIFT_ACTIVE_COMPILATION_CONDITIONS = DEBUG;
				SWIFT_OPTIMIZATION_LEVEL = "-Onone";
				SWIFT_VERSION = 4.0;
				TARGETED_DEVICE_FAMILY = "1,2";
				TEST_HOST = "$(BUILT_PRODUCTS_DIR)/Kanboard iOS.app/Kanboard iOS";
			};
			name = Debug;
		};
		11F85F3220A301770060536B /* Release */ = {
			isa = XCBuildConfiguration;
			baseConfigurationReference = 513D38065C29316049516BEE /* Pods-Kanboard iOSTests.release.xcconfig */;
			buildSettings = {
				ALWAYS_EMBED_SWIFT_STANDARD_LIBRARIES = YES;
				ALWAYS_SEARCH_USER_PATHS = NO;
				BUNDLE_LOADER = "$(TEST_HOST)";
				CLANG_ANALYZER_NONNULL = YES;
				CLANG_ANALYZER_NUMBER_OBJECT_CONVERSION = YES_AGGRESSIVE;
				CLANG_CXX_LANGUAGE_STANDARD = "gnu++14";
				CLANG_CXX_LIBRARY = "libc++";
				CLANG_ENABLE_MODULES = YES;
				CLANG_ENABLE_OBJC_ARC = YES;
				CLANG_ENABLE_OBJC_WEAK = YES;
				CLANG_WARN_BLOCK_CAPTURE_AUTORELEASING = YES;
				CLANG_WARN_BOOL_CONVERSION = YES;
				CLANG_WARN_COMMA = YES;
				CLANG_WARN_CONSTANT_CONVERSION = YES;
				CLANG_WARN_DEPRECATED_OBJC_IMPLEMENTATIONS = YES;
				CLANG_WARN_DIRECT_OBJC_ISA_USAGE = YES_ERROR;
				CLANG_WARN_DOCUMENTATION_COMMENTS = YES;
				CLANG_WARN_EMPTY_BODY = YES;
				CLANG_WARN_ENUM_CONVERSION = YES;
				CLANG_WARN_INFINITE_RECURSION = YES;
				CLANG_WARN_INT_CONVERSION = YES;
				CLANG_WARN_NON_LITERAL_NULL_CONVERSION = YES;
				CLANG_WARN_OBJC_IMPLICIT_RETAIN_SELF = YES;
				CLANG_WARN_OBJC_LITERAL_CONVERSION = YES;
				CLANG_WARN_OBJC_ROOT_CLASS = YES_ERROR;
				CLANG_WARN_RANGE_LOOP_ANALYSIS = YES;
				CLANG_WARN_STRICT_PROTOTYPES = YES;
				CLANG_WARN_SUSPICIOUS_MOVE = YES;
				CLANG_WARN_UNGUARDED_AVAILABILITY = YES_AGGRESSIVE;
				CLANG_WARN_UNREACHABLE_CODE = YES;
				CLANG_WARN__DUPLICATE_METHOD_MATCH = YES;
				CODE_SIGN_IDENTITY = "iPhone Developer";
				CODE_SIGN_STYLE = Automatic;
				COPY_PHASE_STRIP = NO;
				DEBUG_INFORMATION_FORMAT = "dwarf-with-dsym";
				DEVELOPMENT_TEAM = NHVF8NSG3J;
				ENABLE_NS_ASSERTIONS = NO;
				ENABLE_STRICT_OBJC_MSGSEND = YES;
				GCC_C_LANGUAGE_STANDARD = gnu11;
				GCC_NO_COMMON_BLOCKS = YES;
				GCC_WARN_64_TO_32_BIT_CONVERSION = YES;
				GCC_WARN_ABOUT_RETURN_TYPE = YES_ERROR;
				GCC_WARN_UNDECLARED_SELECTOR = YES;
				GCC_WARN_UNINITIALIZED_AUTOS = YES_AGGRESSIVE;
				GCC_WARN_UNUSED_FUNCTION = YES;
				GCC_WARN_UNUSED_VARIABLE = YES;
				INFOPLIST_FILE = "Kanboard iOSTests/Info.plist";
				IPHONEOS_DEPLOYMENT_TARGET = 11.3;
				LD_RUNPATH_SEARCH_PATHS = (
					"$(inherited)",
					"@executable_path/Frameworks",
					"@loader_path/Frameworks",
				);
				MTL_ENABLE_DEBUG_INFO = NO;
				PRODUCT_BUNDLE_IDENTIFIER = "me.dvor.Kanboard-iOSTests";
				PRODUCT_NAME = "$(TARGET_NAME)";
				SDKROOT = iphoneos;
				SWIFT_COMPILATION_MODE = wholemodule;
				SWIFT_OPTIMIZATION_LEVEL = "-O";
				SWIFT_VERSION = 4.0;
				TARGETED_DEVICE_FAMILY = "1,2";
				TEST_HOST = "$(BUILT_PRODUCTS_DIR)/Kanboard iOS.app/Kanboard iOS";
				VALIDATE_PRODUCT = YES;
			};
			name = Release;
		};
		11F85F4E20A3018C0060536B /* Debug */ = {
			isa = XCBuildConfiguration;
			baseConfigurationReference = 200A1A596793B970A8715663 /* Pods-Kanboard macOS.debug.xcconfig */;
			buildSettings = {
				ALWAYS_SEARCH_USER_PATHS = NO;
				ASSETCATALOG_COMPILER_APPICON_NAME = AppIcon;
				CLANG_ANALYZER_NONNULL = YES;
				CLANG_ANALYZER_NUMBER_OBJECT_CONVERSION = YES_AGGRESSIVE;
				CLANG_CXX_LANGUAGE_STANDARD = "gnu++14";
				CLANG_CXX_LIBRARY = "libc++";
				CLANG_ENABLE_MODULES = YES;
				CLANG_ENABLE_OBJC_ARC = YES;
				CLANG_ENABLE_OBJC_WEAK = YES;
				CLANG_WARN_BLOCK_CAPTURE_AUTORELEASING = YES;
				CLANG_WARN_BOOL_CONVERSION = YES;
				CLANG_WARN_COMMA = YES;
				CLANG_WARN_CONSTANT_CONVERSION = YES;
				CLANG_WARN_DEPRECATED_OBJC_IMPLEMENTATIONS = YES;
				CLANG_WARN_DIRECT_OBJC_ISA_USAGE = YES_ERROR;
				CLANG_WARN_DOCUMENTATION_COMMENTS = YES;
				CLANG_WARN_EMPTY_BODY = YES;
				CLANG_WARN_ENUM_CONVERSION = YES;
				CLANG_WARN_INFINITE_RECURSION = YES;
				CLANG_WARN_INT_CONVERSION = YES;
				CLANG_WARN_NON_LITERAL_NULL_CONVERSION = YES;
				CLANG_WARN_OBJC_IMPLICIT_RETAIN_SELF = YES;
				CLANG_WARN_OBJC_LITERAL_CONVERSION = YES;
				CLANG_WARN_OBJC_ROOT_CLASS = YES_ERROR;
				CLANG_WARN_RANGE_LOOP_ANALYSIS = YES;
				CLANG_WARN_STRICT_PROTOTYPES = YES;
				CLANG_WARN_SUSPICIOUS_MOVE = YES;
				CLANG_WARN_UNGUARDED_AVAILABILITY = YES_AGGRESSIVE;
				CLANG_WARN_UNREACHABLE_CODE = YES;
				CLANG_WARN__DUPLICATE_METHOD_MATCH = YES;
				CODE_SIGN_ENTITLEMENTS = "Kanboard macOS/Default/Kanboard macOS.entitlements";
				CODE_SIGN_IDENTITY = "Mac Developer";
				CODE_SIGN_STYLE = Automatic;
				COMBINE_HIDPI_IMAGES = YES;
				COPY_PHASE_STRIP = NO;
				DEBUG_INFORMATION_FORMAT = dwarf;
				DEVELOPMENT_TEAM = NHVF8NSG3J;
				ENABLE_STRICT_OBJC_MSGSEND = YES;
				ENABLE_TESTABILITY = YES;
				GCC_C_LANGUAGE_STANDARD = gnu11;
				GCC_DYNAMIC_NO_PIC = NO;
				GCC_NO_COMMON_BLOCKS = YES;
				GCC_OPTIMIZATION_LEVEL = 0;
				GCC_PREPROCESSOR_DEFINITIONS = (
					"DEBUG=1",
					"$(inherited)",
				);
				GCC_WARN_64_TO_32_BIT_CONVERSION = YES;
				GCC_WARN_ABOUT_RETURN_TYPE = YES_ERROR;
				GCC_WARN_UNDECLARED_SELECTOR = YES;
				GCC_WARN_UNINITIALIZED_AUTOS = YES_AGGRESSIVE;
				GCC_WARN_UNUSED_FUNCTION = YES;
				GCC_WARN_UNUSED_VARIABLE = YES;
				INFOPLIST_FILE = "Kanboard macOS/Default/Info.plist";
				LD_RUNPATH_SEARCH_PATHS = (
					"$(inherited)",
					"@executable_path/../Frameworks",
				);
				MACOSX_DEPLOYMENT_TARGET = 10.13;
				MTL_ENABLE_DEBUG_INFO = YES;
				ONLY_ACTIVE_ARCH = YES;
				PRODUCT_BUNDLE_IDENTIFIER = "me.dvor.Kanboard-macOS";
				PRODUCT_NAME = "$(TARGET_NAME)";
				SDKROOT = macosx;
				SWIFT_ACTIVE_COMPILATION_CONDITIONS = DEBUG;
				SWIFT_OPTIMIZATION_LEVEL = "-Onone";
				SWIFT_VERSION = 4.0;
			};
			name = Debug;
		};
		11F85F4F20A3018C0060536B /* Release */ = {
			isa = XCBuildConfiguration;
			baseConfigurationReference = B43B112A5F559C1DB84F0EE9 /* Pods-Kanboard macOS.release.xcconfig */;
			buildSettings = {
				ALWAYS_SEARCH_USER_PATHS = NO;
				ASSETCATALOG_COMPILER_APPICON_NAME = AppIcon;
				CLANG_ANALYZER_NONNULL = YES;
				CLANG_ANALYZER_NUMBER_OBJECT_CONVERSION = YES_AGGRESSIVE;
				CLANG_CXX_LANGUAGE_STANDARD = "gnu++14";
				CLANG_CXX_LIBRARY = "libc++";
				CLANG_ENABLE_MODULES = YES;
				CLANG_ENABLE_OBJC_ARC = YES;
				CLANG_ENABLE_OBJC_WEAK = YES;
				CLANG_WARN_BLOCK_CAPTURE_AUTORELEASING = YES;
				CLANG_WARN_BOOL_CONVERSION = YES;
				CLANG_WARN_COMMA = YES;
				CLANG_WARN_CONSTANT_CONVERSION = YES;
				CLANG_WARN_DEPRECATED_OBJC_IMPLEMENTATIONS = YES;
				CLANG_WARN_DIRECT_OBJC_ISA_USAGE = YES_ERROR;
				CLANG_WARN_DOCUMENTATION_COMMENTS = YES;
				CLANG_WARN_EMPTY_BODY = YES;
				CLANG_WARN_ENUM_CONVERSION = YES;
				CLANG_WARN_INFINITE_RECURSION = YES;
				CLANG_WARN_INT_CONVERSION = YES;
				CLANG_WARN_NON_LITERAL_NULL_CONVERSION = YES;
				CLANG_WARN_OBJC_IMPLICIT_RETAIN_SELF = YES;
				CLANG_WARN_OBJC_LITERAL_CONVERSION = YES;
				CLANG_WARN_OBJC_ROOT_CLASS = YES_ERROR;
				CLANG_WARN_RANGE_LOOP_ANALYSIS = YES;
				CLANG_WARN_STRICT_PROTOTYPES = YES;
				CLANG_WARN_SUSPICIOUS_MOVE = YES;
				CLANG_WARN_UNGUARDED_AVAILABILITY = YES_AGGRESSIVE;
				CLANG_WARN_UNREACHABLE_CODE = YES;
				CLANG_WARN__DUPLICATE_METHOD_MATCH = YES;
				CODE_SIGN_ENTITLEMENTS = "Kanboard macOS/Default/Kanboard macOS.entitlements";
				CODE_SIGN_IDENTITY = "Mac Developer";
				CODE_SIGN_STYLE = Automatic;
				COMBINE_HIDPI_IMAGES = YES;
				COPY_PHASE_STRIP = NO;
				DEBUG_INFORMATION_FORMAT = "dwarf-with-dsym";
				DEVELOPMENT_TEAM = NHVF8NSG3J;
				ENABLE_NS_ASSERTIONS = NO;
				ENABLE_STRICT_OBJC_MSGSEND = YES;
				GCC_C_LANGUAGE_STANDARD = gnu11;
				GCC_NO_COMMON_BLOCKS = YES;
				GCC_WARN_64_TO_32_BIT_CONVERSION = YES;
				GCC_WARN_ABOUT_RETURN_TYPE = YES_ERROR;
				GCC_WARN_UNDECLARED_SELECTOR = YES;
				GCC_WARN_UNINITIALIZED_AUTOS = YES_AGGRESSIVE;
				GCC_WARN_UNUSED_FUNCTION = YES;
				GCC_WARN_UNUSED_VARIABLE = YES;
				INFOPLIST_FILE = "Kanboard macOS/Default/Info.plist";
				LD_RUNPATH_SEARCH_PATHS = (
					"$(inherited)",
					"@executable_path/../Frameworks",
				);
				MACOSX_DEPLOYMENT_TARGET = 10.13;
				MTL_ENABLE_DEBUG_INFO = NO;
				PRODUCT_BUNDLE_IDENTIFIER = "me.dvor.Kanboard-macOS";
				PRODUCT_NAME = "$(TARGET_NAME)";
				SDKROOT = macosx;
				SWIFT_COMPILATION_MODE = wholemodule;
				SWIFT_OPTIMIZATION_LEVEL = "-O";
				SWIFT_VERSION = 4.0;
			};
			name = Release;
		};
		11F85F5120A3018C0060536B /* Debug */ = {
			isa = XCBuildConfiguration;
			baseConfigurationReference = 5233EF2C47502F74369C2442 /* Pods-Kanboard macOSTests.debug.xcconfig */;
			buildSettings = {
				ALWAYS_EMBED_SWIFT_STANDARD_LIBRARIES = YES;
				ALWAYS_SEARCH_USER_PATHS = NO;
				BUNDLE_LOADER = "$(TEST_HOST)";
				CLANG_ANALYZER_NONNULL = YES;
				CLANG_ANALYZER_NUMBER_OBJECT_CONVERSION = YES_AGGRESSIVE;
				CLANG_CXX_LANGUAGE_STANDARD = "gnu++14";
				CLANG_CXX_LIBRARY = "libc++";
				CLANG_ENABLE_MODULES = YES;
				CLANG_ENABLE_OBJC_ARC = YES;
				CLANG_ENABLE_OBJC_WEAK = YES;
				CLANG_WARN_BLOCK_CAPTURE_AUTORELEASING = YES;
				CLANG_WARN_BOOL_CONVERSION = YES;
				CLANG_WARN_COMMA = YES;
				CLANG_WARN_CONSTANT_CONVERSION = YES;
				CLANG_WARN_DEPRECATED_OBJC_IMPLEMENTATIONS = YES;
				CLANG_WARN_DIRECT_OBJC_ISA_USAGE = YES_ERROR;
				CLANG_WARN_DOCUMENTATION_COMMENTS = YES;
				CLANG_WARN_EMPTY_BODY = YES;
				CLANG_WARN_ENUM_CONVERSION = YES;
				CLANG_WARN_INFINITE_RECURSION = YES;
				CLANG_WARN_INT_CONVERSION = YES;
				CLANG_WARN_NON_LITERAL_NULL_CONVERSION = YES;
				CLANG_WARN_OBJC_IMPLICIT_RETAIN_SELF = YES;
				CLANG_WARN_OBJC_LITERAL_CONVERSION = YES;
				CLANG_WARN_OBJC_ROOT_CLASS = YES_ERROR;
				CLANG_WARN_RANGE_LOOP_ANALYSIS = YES;
				CLANG_WARN_STRICT_PROTOTYPES = YES;
				CLANG_WARN_SUSPICIOUS_MOVE = YES;
				CLANG_WARN_UNGUARDED_AVAILABILITY = YES_AGGRESSIVE;
				CLANG_WARN_UNREACHABLE_CODE = YES;
				CLANG_WARN__DUPLICATE_METHOD_MATCH = YES;
				CODE_SIGN_IDENTITY = "Mac Developer";
				CODE_SIGN_STYLE = Automatic;
				COMBINE_HIDPI_IMAGES = YES;
				COPY_PHASE_STRIP = NO;
				DEBUG_INFORMATION_FORMAT = dwarf;
				DEVELOPMENT_TEAM = NHVF8NSG3J;
				ENABLE_STRICT_OBJC_MSGSEND = YES;
				ENABLE_TESTABILITY = YES;
				GCC_C_LANGUAGE_STANDARD = gnu11;
				GCC_DYNAMIC_NO_PIC = NO;
				GCC_NO_COMMON_BLOCKS = YES;
				GCC_OPTIMIZATION_LEVEL = 0;
				GCC_PREPROCESSOR_DEFINITIONS = (
					"DEBUG=1",
					"$(inherited)",
				);
				GCC_WARN_64_TO_32_BIT_CONVERSION = YES;
				GCC_WARN_ABOUT_RETURN_TYPE = YES_ERROR;
				GCC_WARN_UNDECLARED_SELECTOR = YES;
				GCC_WARN_UNINITIALIZED_AUTOS = YES_AGGRESSIVE;
				GCC_WARN_UNUSED_FUNCTION = YES;
				GCC_WARN_UNUSED_VARIABLE = YES;
				INFOPLIST_FILE = "Kanboard macOSTests/Info.plist";
				LD_RUNPATH_SEARCH_PATHS = (
					"$(inherited)",
					"@executable_path/../Frameworks",
					"@loader_path/../Frameworks",
				);
				MACOSX_DEPLOYMENT_TARGET = 10.13;
				MTL_ENABLE_DEBUG_INFO = YES;
				ONLY_ACTIVE_ARCH = YES;
				PRODUCT_BUNDLE_IDENTIFIER = "me.dvor.Kanboard-macOSTests";
				PRODUCT_NAME = "$(TARGET_NAME)";
				SDKROOT = macosx;
				SWIFT_ACTIVE_COMPILATION_CONDITIONS = DEBUG;
				SWIFT_OPTIMIZATION_LEVEL = "-Onone";
				SWIFT_VERSION = 4.0;
				TEST_HOST = "$(BUILT_PRODUCTS_DIR)/Kanboard macOS.app/Contents/MacOS/Kanboard macOS";
			};
			name = Debug;
		};
		11F85F5220A3018C0060536B /* Release */ = {
			isa = XCBuildConfiguration;
			baseConfigurationReference = 80FEE6A01E362B30A4734E54 /* Pods-Kanboard macOSTests.release.xcconfig */;
			buildSettings = {
				ALWAYS_EMBED_SWIFT_STANDARD_LIBRARIES = YES;
				ALWAYS_SEARCH_USER_PATHS = NO;
				BUNDLE_LOADER = "$(TEST_HOST)";
				CLANG_ANALYZER_NONNULL = YES;
				CLANG_ANALYZER_NUMBER_OBJECT_CONVERSION = YES_AGGRESSIVE;
				CLANG_CXX_LANGUAGE_STANDARD = "gnu++14";
				CLANG_CXX_LIBRARY = "libc++";
				CLANG_ENABLE_MODULES = YES;
				CLANG_ENABLE_OBJC_ARC = YES;
				CLANG_ENABLE_OBJC_WEAK = YES;
				CLANG_WARN_BLOCK_CAPTURE_AUTORELEASING = YES;
				CLANG_WARN_BOOL_CONVERSION = YES;
				CLANG_WARN_COMMA = YES;
				CLANG_WARN_CONSTANT_CONVERSION = YES;
				CLANG_WARN_DEPRECATED_OBJC_IMPLEMENTATIONS = YES;
				CLANG_WARN_DIRECT_OBJC_ISA_USAGE = YES_ERROR;
				CLANG_WARN_DOCUMENTATION_COMMENTS = YES;
				CLANG_WARN_EMPTY_BODY = YES;
				CLANG_WARN_ENUM_CONVERSION = YES;
				CLANG_WARN_INFINITE_RECURSION = YES;
				CLANG_WARN_INT_CONVERSION = YES;
				CLANG_WARN_NON_LITERAL_NULL_CONVERSION = YES;
				CLANG_WARN_OBJC_IMPLICIT_RETAIN_SELF = YES;
				CLANG_WARN_OBJC_LITERAL_CONVERSION = YES;
				CLANG_WARN_OBJC_ROOT_CLASS = YES_ERROR;
				CLANG_WARN_RANGE_LOOP_ANALYSIS = YES;
				CLANG_WARN_STRICT_PROTOTYPES = YES;
				CLANG_WARN_SUSPICIOUS_MOVE = YES;
				CLANG_WARN_UNGUARDED_AVAILABILITY = YES_AGGRESSIVE;
				CLANG_WARN_UNREACHABLE_CODE = YES;
				CLANG_WARN__DUPLICATE_METHOD_MATCH = YES;
				CODE_SIGN_IDENTITY = "Mac Developer";
				CODE_SIGN_STYLE = Automatic;
				COMBINE_HIDPI_IMAGES = YES;
				COPY_PHASE_STRIP = NO;
				DEBUG_INFORMATION_FORMAT = "dwarf-with-dsym";
				DEVELOPMENT_TEAM = NHVF8NSG3J;
				ENABLE_NS_ASSERTIONS = NO;
				ENABLE_STRICT_OBJC_MSGSEND = YES;
				GCC_C_LANGUAGE_STANDARD = gnu11;
				GCC_NO_COMMON_BLOCKS = YES;
				GCC_WARN_64_TO_32_BIT_CONVERSION = YES;
				GCC_WARN_ABOUT_RETURN_TYPE = YES_ERROR;
				GCC_WARN_UNDECLARED_SELECTOR = YES;
				GCC_WARN_UNINITIALIZED_AUTOS = YES_AGGRESSIVE;
				GCC_WARN_UNUSED_FUNCTION = YES;
				GCC_WARN_UNUSED_VARIABLE = YES;
				INFOPLIST_FILE = "Kanboard macOSTests/Info.plist";
				LD_RUNPATH_SEARCH_PATHS = (
					"$(inherited)",
					"@executable_path/../Frameworks",
					"@loader_path/../Frameworks",
				);
				MACOSX_DEPLOYMENT_TARGET = 10.13;
				MTL_ENABLE_DEBUG_INFO = NO;
				PRODUCT_BUNDLE_IDENTIFIER = "me.dvor.Kanboard-macOSTests";
				PRODUCT_NAME = "$(TARGET_NAME)";
				SDKROOT = macosx;
				SWIFT_COMPILATION_MODE = wholemodule;
				SWIFT_OPTIMIZATION_LEVEL = "-O";
				SWIFT_VERSION = 4.0;
				TEST_HOST = "$(BUILT_PRODUCTS_DIR)/Kanboard macOS.app/Contents/MacOS/Kanboard macOS";
			};
			name = Release;
		};
/* End XCBuildConfiguration section */

/* Begin XCConfigurationList section */
		11F85F0B20A300EF0060536B /* Build configuration list for PBXProject "SwiftyKanboard" */ = {
			isa = XCConfigurationList;
			buildConfigurations = (
				11F85F0C20A300EF0060536B /* Debug */,
				11F85F0D20A300EF0060536B /* Release */,
			);
			defaultConfigurationIsVisible = 0;
			defaultConfigurationName = Release;
		};
		11F85F2D20A301770060536B /* Build configuration list for PBXNativeTarget "Kanboard iOS" */ = {
			isa = XCConfigurationList;
			buildConfigurations = (
				11F85F2E20A301770060536B /* Debug */,
				11F85F2F20A301770060536B /* Release */,
			);
			defaultConfigurationIsVisible = 0;
			defaultConfigurationName = Release;
		};
		11F85F3020A301770060536B /* Build configuration list for PBXNativeTarget "Kanboard iOSTests" */ = {
			isa = XCConfigurationList;
			buildConfigurations = (
				11F85F3120A301770060536B /* Debug */,
				11F85F3220A301770060536B /* Release */,
			);
			defaultConfigurationIsVisible = 0;
			defaultConfigurationName = Release;
		};
		11F85F4D20A3018C0060536B /* Build configuration list for PBXNativeTarget "Kanboard macOS" */ = {
			isa = XCConfigurationList;
			buildConfigurations = (
				11F85F4E20A3018C0060536B /* Debug */,
				11F85F4F20A3018C0060536B /* Release */,
			);
			defaultConfigurationIsVisible = 0;
			defaultConfigurationName = Release;
		};
		11F85F5020A3018C0060536B /* Build configuration list for PBXNativeTarget "Kanboard macOSTests" */ = {
			isa = XCConfigurationList;
			buildConfigurations = (
				11F85F5120A3018C0060536B /* Debug */,
				11F85F5220A3018C0060536B /* Release */,
			);
			defaultConfigurationIsVisible = 0;
			defaultConfigurationName = Release;
		};
/* End XCConfigurationList section */
	};
	rootObject = 11F85F0820A300EF0060536B /* Project object */;
}
